// !$*UTF8*$!
{
	archiveVersion = 1;
	classes = {
	};
	objectVersion = 56;
	objects = {

/* Begin PBXBuildFile section */
		A51378BD2B8F8DCE008E839E /* AppDelegate.swift in Sources */ = {isa = PBXBuildFile; fileRef = A51378BC2B8F8DCE008E839E /* AppDelegate.swift */; };
		A51378BF2B8F8DCE008E839E /* SceneDelegate.swift in Sources */ = {isa = PBXBuildFile; fileRef = A51378BE2B8F8DCE008E839E /* SceneDelegate.swift */; };
		A51378C12B8F8DCE008E839E /* ViewController.swift in Sources */ = {isa = PBXBuildFile; fileRef = A51378C02B8F8DCE008E839E /* ViewController.swift */; };
		A51378C42B8F8DCE008E839E /* Main.storyboard in Resources */ = {isa = PBXBuildFile; fileRef = A51378C22B8F8DCE008E839E /* Main.storyboard */; };
		A51378C72B8F8DCE008E839E /* Rick_and_Morty.xcdatamodeld in Sources */ = {isa = PBXBuildFile; fileRef = A51378C52B8F8DCE008E839E /* Rick_and_Morty.xcdatamodeld */; };
		A51378C92B8F8DCF008E839E /* Assets.xcassets in Resources */ = {isa = PBXBuildFile; fileRef = A51378C82B8F8DCF008E839E /* Assets.xcassets */; };
		A51378CC2B8F8DCF008E839E /* LaunchScreen.storyboard in Resources */ = {isa = PBXBuildFile; fileRef = A51378CA2B8F8DCF008E839E /* LaunchScreen.storyboard */; };
		A51378D72B8F8DCF008E839E /* Rick_and_MortyTests.swift in Sources */ = {isa = PBXBuildFile; fileRef = A51378D62B8F8DCF008E839E /* Rick_and_MortyTests.swift */; };
		A51378E12B8F8DCF008E839E /* Rick_and_MortyUITests.swift in Sources */ = {isa = PBXBuildFile; fileRef = A51378E02B8F8DCF008E839E /* Rick_and_MortyUITests.swift */; };
		A51378E32B8F8DCF008E839E /* Rick_and_MortyUITestsLaunchTests.swift in Sources */ = {isa = PBXBuildFile; fileRef = A51378E22B8F8DCF008E839E /* Rick_and_MortyUITestsLaunchTests.swift */; };
/* End PBXBuildFile section */

/* Begin PBXContainerItemProxy section */
		A51378D32B8F8DCF008E839E /* PBXContainerItemProxy */ = {
			isa = PBXContainerItemProxy;
			containerPortal = A51378B12B8F8DCE008E839E /* Project object */;
			proxyType = 1;
			remoteGlobalIDString = A51378B82B8F8DCE008E839E;
			remoteInfo = "Rick and Morty";
		};
		A51378DD2B8F8DCF008E839E /* PBXContainerItemProxy */ = {
			isa = PBXContainerItemProxy;
			containerPortal = A51378B12B8F8DCE008E839E /* Project object */;
			proxyType = 1;
			remoteGlobalIDString = A51378B82B8F8DCE008E839E;
			remoteInfo = "Rick and Morty";
		};
/* End PBXContainerItemProxy section */

/* Begin PBXFileReference section */
		A51378B92B8F8DCE008E839E /* Rick and Morty.app */ = {isa = PBXFileReference; explicitFileType = wrapper.application; includeInIndex = 0; path = "Rick and Morty.app"; sourceTree = BUILT_PRODUCTS_DIR; };
		A51378BC2B8F8DCE008E839E /* AppDelegate.swift */ = {isa = PBXFileReference; lastKnownFileType = sourcecode.swift; path = AppDelegate.swift; sourceTree = "<group>"; };
		A51378BE2B8F8DCE008E839E /* SceneDelegate.swift */ = {isa = PBXFileReference; lastKnownFileType = sourcecode.swift; path = SceneDelegate.swift; sourceTree = "<group>"; };
		A51378C02B8F8DCE008E839E /* ViewController.swift */ = {isa = PBXFileReference; lastKnownFileType = sourcecode.swift; path = ViewController.swift; sourceTree = "<group>"; };
		A51378C32B8F8DCE008E839E /* Base */ = {isa = PBXFileReference; lastKnownFileType = file.storyboard; name = Base; path = Base.lproj/Main.storyboard; sourceTree = "<group>"; };
		A51378C62B8F8DCE008E839E /* Rick_and_Morty.xcdatamodel */ = {isa = PBXFileReference; lastKnownFileType = wrapper.xcdatamodel; path = Rick_and_Morty.xcdatamodel; sourceTree = "<group>"; };
		A51378C82B8F8DCF008E839E /* Assets.xcassets */ = {isa = PBXFileReference; lastKnownFileType = folder.assetcatalog; path = Assets.xcassets; sourceTree = "<group>"; };
		A51378CB2B8F8DCF008E839E /* Base */ = {isa = PBXFileReference; lastKnownFileType = file.storyboard; name = Base; path = Base.lproj/LaunchScreen.storyboard; sourceTree = "<group>"; };
		A51378CD2B8F8DCF008E839E /* Info.plist */ = {isa = PBXFileReference; lastKnownFileType = text.plist.xml; path = Info.plist; sourceTree = "<group>"; };
		A51378D22B8F8DCF008E839E /* Rick and MortyTests.xctest */ = {isa = PBXFileReference; explicitFileType = wrapper.cfbundle; includeInIndex = 0; path = "Rick and MortyTests.xctest"; sourceTree = BUILT_PRODUCTS_DIR; };
		A51378D62B8F8DCF008E839E /* Rick_and_MortyTests.swift */ = {isa = PBXFileReference; lastKnownFileType = sourcecode.swift; path = Rick_and_MortyTests.swift; sourceTree = "<group>"; };
		A51378DC2B8F8DCF008E839E /* Rick and MortyUITests.xctest */ = {isa = PBXFileReference; explicitFileType = wrapper.cfbundle; includeInIndex = 0; path = "Rick and MortyUITests.xctest"; sourceTree = BUILT_PRODUCTS_DIR; };
		A51378E02B8F8DCF008E839E /* Rick_and_MortyUITests.swift */ = {isa = PBXFileReference; lastKnownFileType = sourcecode.swift; path = Rick_and_MortyUITests.swift; sourceTree = "<group>"; };
		A51378E22B8F8DCF008E839E /* Rick_and_MortyUITestsLaunchTests.swift */ = {isa = PBXFileReference; lastKnownFileType = sourcecode.swift; path = Rick_and_MortyUITestsLaunchTests.swift; sourceTree = "<group>"; };
/* End PBXFileReference section */

/* Begin PBXFrameworksBuildPhase section */
		A51378B62B8F8DCE008E839E /* Frameworks */ = {
			isa = PBXFrameworksBuildPhase;
			buildActionMask = 2147483647;
			files = (
			);
			runOnlyForDeploymentPostprocessing = 0;
		};
		A51378CF2B8F8DCF008E839E /* Frameworks */ = {
			isa = PBXFrameworksBuildPhase;
			buildActionMask = 2147483647;
			files = (
			);
			runOnlyForDeploymentPostprocessing = 0;
		};
		A51378D92B8F8DCF008E839E /* Frameworks */ = {
			isa = PBXFrameworksBuildPhase;
			buildActionMask = 2147483647;
			files = (
			);
			runOnlyForDeploymentPostprocessing = 0;
		};
/* End PBXFrameworksBuildPhase section */

/* Begin PBXGroup section */
		A51378B02B8F8DCE008E839E = {
			isa = PBXGroup;
			children = (
				A51378BB2B8F8DCE008E839E /* Rick and Morty */,
				A51378D52B8F8DCF008E839E /* Rick and MortyTests */,
				A51378DF2B8F8DCF008E839E /* Rick and MortyUITests */,
				A51378BA2B8F8DCE008E839E /* Products */,
			);
			sourceTree = "<group>";
		};
		A51378BA2B8F8DCE008E839E /* Products */ = {
			isa = PBXGroup;
			children = (
				A51378B92B8F8DCE008E839E /* Rick and Morty.app */,
				A51378D22B8F8DCF008E839E /* Rick and MortyTests.xctest */,
				A51378DC2B8F8DCF008E839E /* Rick and MortyUITests.xctest */,
			);
			name = Products;
			sourceTree = "<group>";
		};
		A51378BB2B8F8DCE008E839E /* Rick and Morty */ = {
			isa = PBXGroup;
			children = (
				A51378BC2B8F8DCE008E839E /* AppDelegate.swift */,
				A51378BE2B8F8DCE008E839E /* SceneDelegate.swift */,
				A51378C02B8F8DCE008E839E /* ViewController.swift */,
				A51378C22B8F8DCE008E839E /* Main.storyboard */,
				A51378C82B8F8DCF008E839E /* Assets.xcassets */,
				A51378CA2B8F8DCF008E839E /* LaunchScreen.storyboard */,
				A51378CD2B8F8DCF008E839E /* Info.plist */,
				A51378C52B8F8DCE008E839E /* Rick_and_Morty.xcdatamodeld */,
			);
			path = "Rick and Morty";
			sourceTree = "<group>";
		};
		A51378D52B8F8DCF008E839E /* Rick and MortyTests */ = {
			isa = PBXGroup;
			children = (
				A51378D62B8F8DCF008E839E /* Rick_and_MortyTests.swift */,
			);
			path = "Rick and MortyTests";
			sourceTree = "<group>";
		};
		A51378DF2B8F8DCF008E839E /* Rick and MortyUITests */ = {
			isa = PBXGroup;
			children = (
				A51378E02B8F8DCF008E839E /* Rick_and_MortyUITests.swift */,
				A51378E22B8F8DCF008E839E /* Rick_and_MortyUITestsLaunchTests.swift */,
			);
			path = "Rick and MortyUITests";
			sourceTree = "<group>";
		};
/* End PBXGroup section */

/* Begin PBXNativeTarget section */
		A51378B82B8F8DCE008E839E /* Rick and Morty */ = {
			isa = PBXNativeTarget;
			buildConfigurationList = A51378E62B8F8DCF008E839E /* Build configuration list for PBXNativeTarget "Rick and Morty" */;
			buildPhases = (
				A51378B52B8F8DCE008E839E /* Sources */,
				A51378B62B8F8DCE008E839E /* Frameworks */,
				A51378B72B8F8DCE008E839E /* Resources */,
			);
			buildRules = (
			);
			dependencies = (
			);
			name = "Rick and Morty";
			productName = "Rick and Morty";
			productReference = A51378B92B8F8DCE008E839E /* Rick and Morty.app */;
			productType = "com.apple.product-type.application";
		};
		A51378D12B8F8DCF008E839E /* Rick and MortyTests */ = {
			isa = PBXNativeTarget;
			buildConfigurationList = A51378E92B8F8DCF008E839E /* Build configuration list for PBXNativeTarget "Rick and MortyTests" */;
			buildPhases = (
				A51378CE2B8F8DCF008E839E /* Sources */,
				A51378CF2B8F8DCF008E839E /* Frameworks */,
				A51378D02B8F8DCF008E839E /* Resources */,
			);
			buildRules = (
			);
			dependencies = (
				A51378D42B8F8DCF008E839E /* PBXTargetDependency */,
			);
			name = "Rick and MortyTests";
			productName = "Rick and MortyTests";
			productReference = A51378D22B8F8DCF008E839E /* Rick and MortyTests.xctest */;
			productType = "com.apple.product-type.bundle.unit-test";
		};
		A51378DB2B8F8DCF008E839E /* Rick and MortyUITests */ = {
			isa = PBXNativeTarget;
			buildConfigurationList = A51378EC2B8F8DCF008E839E /* Build configuration list for PBXNativeTarget "Rick and MortyUITests" */;
			buildPhases = (
				A51378D82B8F8DCF008E839E /* Sources */,
				A51378D92B8F8DCF008E839E /* Frameworks */,
				A51378DA2B8F8DCF008E839E /* Resources */,
			);
			buildRules = (
			);
			dependencies = (
				A51378DE2B8F8DCF008E839E /* PBXTargetDependency */,
			);
			name = "Rick and MortyUITests";
			productName = "Rick and MortyUITests";
			productReference = A51378DC2B8F8DCF008E839E /* Rick and MortyUITests.xctest */;
			productType = "com.apple.product-type.bundle.ui-testing";
		};
/* End PBXNativeTarget section */

/* Begin PBXProject section */
		A51378B12B8F8DCE008E839E /* Project object */ = {
			isa = PBXProject;
			attributes = {
				BuildIndependentTargetsInParallel = 1;
				LastSwiftUpdateCheck = 1520;
				LastUpgradeCheck = 1520;
				TargetAttributes = {
					A51378B82B8F8DCE008E839E = {
						CreatedOnToolsVersion = 15.2;
					};
					A51378D12B8F8DCF008E839E = {
						CreatedOnToolsVersion = 15.2;
						TestTargetID = A51378B82B8F8DCE008E839E;
					};
					A51378DB2B8F8DCF008E839E = {
						CreatedOnToolsVersion = 15.2;
						TestTargetID = A51378B82B8F8DCE008E839E;
					};
				};
			};
			buildConfigurationList = A51378B42B8F8DCE008E839E /* Build configuration list for PBXProject "Rick and Morty" */;
			compatibilityVersion = "Xcode 14.0";
			developmentRegion = en;
			hasScannedForEncodings = 0;
			knownRegions = (
				en,
				Base,
			);
			mainGroup = A51378B02B8F8DCE008E839E;
			productRefGroup = A51378BA2B8F8DCE008E839E /* Products */;
			projectDirPath = "";
			projectRoot = "";
			targets = (
				A51378B82B8F8DCE008E839E /* Rick and Morty */,
				A51378D12B8F8DCF008E839E /* Rick and MortyTests */,
				A51378DB2B8F8DCF008E839E /* Rick and MortyUITests */,
			);
		};
/* End PBXProject section */

/* Begin PBXResourcesBuildPhase section */
		A51378B72B8F8DCE008E839E /* Resources */ = {
			isa = PBXResourcesBuildPhase;
			buildActionMask = 2147483647;
			files = (
				A51378CC2B8F8DCF008E839E /* LaunchScreen.storyboard in Resources */,
				A51378C92B8F8DCF008E839E /* Assets.xcassets in Resources */,
				A51378C42B8F8DCE008E839E /* Main.storyboard in Resources */,
			);
			runOnlyForDeploymentPostprocessing = 0;
		};
		A51378D02B8F8DCF008E839E /* Resources */ = {
			isa = PBXResourcesBuildPhase;
			buildActionMask = 2147483647;
			files = (
			);
			runOnlyForDeploymentPostprocessing = 0;
		};
		A51378DA2B8F8DCF008E839E /* Resources */ = {
			isa = PBXResourcesBuildPhase;
			buildActionMask = 2147483647;
			files = (
			);
			runOnlyForDeploymentPostprocessing = 0;
		};
/* End PBXResourcesBuildPhase section */

/* Begin PBXSourcesBuildPhase section */
		A51378B52B8F8DCE008E839E /* Sources */ = {
			isa = PBXSourcesBuildPhase;
			buildActionMask = 2147483647;
			files = (
				A51378C72B8F8DCE008E839E /* Rick_and_Morty.xcdatamodeld in Sources */,
				A51378C12B8F8DCE008E839E /* ViewController.swift in Sources */,
				A51378BD2B8F8DCE008E839E /* AppDelegate.swift in Sources */,
				A51378BF2B8F8DCE008E839E /* SceneDelegate.swift in Sources */,
			);
			runOnlyForDeploymentPostprocessing = 0;
		};
		A51378CE2B8F8DCF008E839E /* Sources */ = {
			isa = PBXSourcesBuildPhase;
			buildActionMask = 2147483647;
			files = (
				A51378D72B8F8DCF008E839E /* Rick_and_MortyTests.swift in Sources */,
			);
			runOnlyForDeploymentPostprocessing = 0;
		};
		A51378D82B8F8DCF008E839E /* Sources */ = {
			isa = PBXSourcesBuildPhase;
			buildActionMask = 2147483647;
			files = (
				A51378E12B8F8DCF008E839E /* Rick_and_MortyUITests.swift in Sources */,
				A51378E32B8F8DCF008E839E /* Rick_and_MortyUITestsLaunchTests.swift in Sources */,
			);
			runOnlyForDeploymentPostprocessing = 0;
		};
/* End PBXSourcesBuildPhase section */

/* Begin PBXTargetDependency section */
		A51378D42B8F8DCF008E839E /* PBXTargetDependency */ = {
			isa = PBXTargetDependency;
			target = A51378B82B8F8DCE008E839E /* Rick and Morty */;
			targetProxy = A51378D32B8F8DCF008E839E /* PBXContainerItemProxy */;
		};
		A51378DE2B8F8DCF008E839E /* PBXTargetDependency */ = {
			isa = PBXTargetDependency;
			target = A51378B82B8F8DCE008E839E /* Rick and Morty */;
			targetProxy = A51378DD2B8F8DCF008E839E /* PBXContainerItemProxy */;
		};
/* End PBXTargetDependency section */

/* Begin PBXVariantGroup section */
		A51378C22B8F8DCE008E839E /* Main.storyboard */ = {
			isa = PBXVariantGroup;
			children = (
				A51378C32B8F8DCE008E839E /* Base */,
			);
			name = Main.storyboard;
			sourceTree = "<group>";
		};
		A51378CA2B8F8DCF008E839E /* LaunchScreen.storyboard */ = {
			isa = PBXVariantGroup;
			children = (
				A51378CB2B8F8DCF008E839E /* Base */,
			);
			name = LaunchScreen.storyboard;
			sourceTree = "<group>";
		};
/* End PBXVariantGroup section */

/* Begin XCBuildConfiguration section */
		A51378E42B8F8DCF008E839E /* Debug */ = {
			isa = XCBuildConfiguration;
			buildSettings = {
				ALWAYS_SEARCH_USER_PATHS = NO;
				ASSETCATALOG_COMPILER_GENERATE_SWIFT_ASSET_SYMBOL_EXTENSIONS = YES;
				CLANG_ANALYZER_NONNULL = YES;
				CLANG_ANALYZER_NUMBER_OBJECT_CONVERSION = YES_AGGRESSIVE;
				CLANG_CXX_LANGUAGE_STANDARD = "gnu++20";
				CLANG_ENABLE_MODULES = YES;
				CLANG_ENABLE_OBJC_ARC = YES;
				CLANG_ENABLE_OBJC_WEAK = YES;
				CLANG_WARN_BLOCK_CAPTURE_AUTORELEASING = YES;
				CLANG_WARN_BOOL_CONVERSION = YES;
				CLANG_WARN_COMMA = YES;
				CLANG_WARN_CONSTANT_CONVERSION = YES;
				CLANG_WARN_DEPRECATED_OBJC_IMPLEMENTATIONS = YES;
				CLANG_WARN_DIRECT_OBJC_ISA_USAGE = YES_ERROR;
				CLANG_WARN_DOCUMENTATION_COMMENTS = YES;
				CLANG_WARN_EMPTY_BODY = YES;
				CLANG_WARN_ENUM_CONVERSION = YES;
				CLANG_WARN_INFINITE_RECURSION = YES;
				CLANG_WARN_INT_CONVERSION = YES;
				CLANG_WARN_NON_LITERAL_NULL_CONVERSION = YES;
				CLANG_WARN_OBJC_IMPLICIT_RETAIN_SELF = YES;
				CLANG_WARN_OBJC_LITERAL_CONVERSION = YES;
				CLANG_WARN_OBJC_ROOT_CLASS = YES_ERROR;
				CLANG_WARN_QUOTED_INCLUDE_IN_FRAMEWORK_HEADER = YES;
				CLANG_WARN_RANGE_LOOP_ANALYSIS = YES;
				CLANG_WARN_STRICT_PROTOTYPES = YES;
				CLANG_WARN_SUSPICIOUS_MOVE = YES;
				CLANG_WARN_UNGUARDED_AVAILABILITY = YES_AGGRESSIVE;
				CLANG_WARN_UNREACHABLE_CODE = YES;
				CLANG_WARN__DUPLICATE_METHOD_MATCH = YES;
				COPY_PHASE_STRIP = NO;
				DEBUG_INFORMATION_FORMAT = dwarf;
				ENABLE_STRICT_OBJC_MSGSEND = YES;
				ENABLE_TESTABILITY = YES;
				ENABLE_USER_SCRIPT_SANDBOXING = YES;
				GCC_C_LANGUAGE_STANDARD = gnu17;
				GCC_DYNAMIC_NO_PIC = NO;
				GCC_NO_COMMON_BLOCKS = YES;
				GCC_OPTIMIZATION_LEVEL = 0;
				GCC_PREPROCESSOR_DEFINITIONS = (
					"DEBUG=1",
					"$(inherited)",
				);
				GCC_WARN_64_TO_32_BIT_CONVERSION = YES;
				GCC_WARN_ABOUT_RETURN_TYPE = YES_ERROR;
				GCC_WARN_UNDECLARED_SELECTOR = YES;
				GCC_WARN_UNINITIALIZED_AUTOS = YES_AGGRESSIVE;
				GCC_WARN_UNUSED_FUNCTION = YES;
				GCC_WARN_UNUSED_VARIABLE = YES;
				IPHONEOS_DEPLOYMENT_TARGET = 17.2;
				LOCALIZATION_PREFERS_STRING_CATALOGS = YES;
				MTL_ENABLE_DEBUG_INFO = INCLUDE_SOURCE;
				MTL_FAST_MATH = YES;
				ONLY_ACTIVE_ARCH = YES;
				SDKROOT = iphoneos;
				SWIFT_ACTIVE_COMPILATION_CONDITIONS = "DEBUG $(inherited)";
				SWIFT_OPTIMIZATION_LEVEL = "-Onone";
			};
			name = Debug;
		};
		A51378E52B8F8DCF008E839E /* Release */ = {
			isa = XCBuildConfiguration;
			buildSettings = {
				ALWAYS_SEARCH_USER_PATHS = NO;
				ASSETCATALOG_COMPILER_GENERATE_SWIFT_ASSET_SYMBOL_EXTENSIONS = YES;
				CLANG_ANALYZER_NONNULL = YES;
				CLANG_ANALYZER_NUMBER_OBJECT_CONVERSION = YES_AGGRESSIVE;
				CLANG_CXX_LANGUAGE_STANDARD = "gnu++20";
				CLANG_ENABLE_MODULES = YES;
				CLANG_ENABLE_OBJC_ARC = YES;
				CLANG_ENABLE_OBJC_WEAK = YES;
				CLANG_WARN_BLOCK_CAPTURE_AUTORELEASING = YES;
				CLANG_WARN_BOOL_CONVERSION = YES;
				CLANG_WARN_COMMA = YES;
				CLANG_WARN_CONSTANT_CONVERSION = YES;
				CLANG_WARN_DEPRECATED_OBJC_IMPLEMENTATIONS = YES;
				CLANG_WARN_DIRECT_OBJC_ISA_USAGE = YES_ERROR;
				CLANG_WARN_DOCUMENTATION_COMMENTS = YES;
				CLANG_WARN_EMPTY_BODY = YES;
				CLANG_WARN_ENUM_CONVERSION = YES;
				CLANG_WARN_INFINITE_RECURSION = YES;
				CLANG_WARN_INT_CONVERSION = YES;
				CLANG_WARN_NON_LITERAL_NULL_CONVERSION = YES;
				CLANG_WARN_OBJC_IMPLICIT_RETAIN_SELF = YES;
				CLANG_WARN_OBJC_LITERAL_CONVERSION = YES;
				CLANG_WARN_OBJC_ROOT_CLASS = YES_ERROR;
				CLANG_WARN_QUOTED_INCLUDE_IN_FRAMEWORK_HEADER = YES;
				CLANG_WARN_RANGE_LOOP_ANALYSIS = YES;
				CLANG_WARN_STRICT_PROTOTYPES = YES;
				CLANG_WARN_SUSPICIOUS_MOVE = YES;
				CLANG_WARN_UNGUARDED_AVAILABILITY = YES_AGGRESSIVE;
				CLANG_WARN_UNREACHABLE_CODE = YES;
				CLANG_WARN__DUPLICATE_METHOD_MATCH = YES;
				COPY_PHASE_STRIP = NO;
				DEBUG_INFORMATION_FORMAT = "dwarf-with-dsym";
				ENABLE_NS_ASSERTIONS = NO;
				ENABLE_STRICT_OBJC_MSGSEND = YES;
				ENABLE_USER_SCRIPT_SANDBOXING = YES;
				GCC_C_LANGUAGE_STANDARD = gnu17;
				GCC_NO_COMMON_BLOCKS = YES;
				GCC_WARN_64_TO_32_BIT_CONVERSION = YES;
				GCC_WARN_ABOUT_RETURN_TYPE = YES_ERROR;
				GCC_WARN_UNDECLARED_SELECTOR = YES;
				GCC_WARN_UNINITIALIZED_AUTOS = YES_AGGRESSIVE;
				GCC_WARN_UNUSED_FUNCTION = YES;
				GCC_WARN_UNUSED_VARIABLE = YES;
				IPHONEOS_DEPLOYMENT_TARGET = 17.2;
				LOCALIZATION_PREFERS_STRING_CATALOGS = YES;
				MTL_ENABLE_DEBUG_INFO = NO;
				MTL_FAST_MATH = YES;
				SDKROOT = iphoneos;
				SWIFT_COMPILATION_MODE = wholemodule;
				VALIDATE_PRODUCT = YES;
			};
			name = Release;
		};
		A51378E72B8F8DCF008E839E /* Debug */ = {
			isa = XCBuildConfiguration;
			buildSettings = {
				ASSETCATALOG_COMPILER_APPICON_NAME = AppIcon;
				ASSETCATALOG_COMPILER_GLOBAL_ACCENT_COLOR_NAME = AccentColor;
				CODE_SIGN_STYLE = Automatic;
				CURRENT_PROJECT_VERSION = 1;
				GENERATE_INFOPLIST_FILE = YES;
				INFOPLIST_FILE = "Rick and Morty/Info.plist";
				INFOPLIST_KEY_UIApplicationSupportsIndirectInputEvents = YES;
				INFOPLIST_KEY_UILaunchStoryboardName = LaunchScreen;
				INFOPLIST_KEY_UIMainStoryboardFile = Main;
				INFOPLIST_KEY_UISupportedInterfaceOrientations_iPad = "UIInterfaceOrientationPortrait UIInterfaceOrientationPortraitUpsideDown UIInterfaceOrientationLandscapeLeft UIInterfaceOrientationLandscapeRight";
				INFOPLIST_KEY_UISupportedInterfaceOrientations_iPhone = "UIInterfaceOrientationPortrait UIInterfaceOrientationLandscapeLeft UIInterfaceOrientationLandscapeRight";
				LD_RUNPATH_SEARCH_PATHS = (
					"$(inherited)",
					"@executable_path/Frameworks",
				);
				MARKETING_VERSION = 1.0;
				PRODUCT_BUNDLE_IDENTIFIER = "bachiero.Rick-and-Morty";
				PRODUCT_NAME = "$(TARGET_NAME)";
				SWIFT_EMIT_LOC_STRINGS = YES;
				SWIFT_VERSION = 5.0;
				TARGETED_DEVICE_FAMILY = "1,2";
			};
			name = Debug;
		};
		A51378E82B8F8DCF008E839E /* Release */ = {
			isa = XCBuildConfiguration;
			buildSettings = {
				ASSETCATALOG_COMPILER_APPICON_NAME = AppIcon;
				ASSETCATALOG_COMPILER_GLOBAL_ACCENT_COLOR_NAME = AccentColor;
				CODE_SIGN_STYLE = Automatic;
				CURRENT_PROJECT_VERSION = 1;
				GENERATE_INFOPLIST_FILE = YES;
				INFOPLIST_FILE = "Rick and Morty/Info.plist";
				INFOPLIST_KEY_UIApplicationSupportsIndirectInputEvents = YES;
				INFOPLIST_KEY_UILaunchStoryboardName = LaunchScreen;
				INFOPLIST_KEY_UIMainStoryboardFile = Main;
				INFOPLIST_KEY_UISupportedInterfaceOrientations_iPad = "UIInterfaceOrientationPortrait UIInterfaceOrientationPortraitUpsideDown UIInterfaceOrientationLandscapeLeft UIInterfaceOrientationLandscapeRight";
				INFOPLIST_KEY_UISupportedInterfaceOrientations_iPhone = "UIInterfaceOrientationPortrait UIInterfaceOrientationLandscapeLeft UIInterfaceOrientationLandscapeRight";
				LD_RUNPATH_SEARCH_PATHS = (
					"$(inherited)",
					"@executable_path/Frameworks",
				);
				MARKETING_VERSION = 1.0;
				PRODUCT_BUNDLE_IDENTIFIER = "bachiero.Rick-and-Morty";
				PRODUCT_NAME = "$(TARGET_NAME)";
				SWIFT_EMIT_LOC_STRINGS = YES;
				SWIFT_VERSION = 5.0;
				TARGETED_DEVICE_FAMILY = "1,2";
			};
			name = Release;
		};
		A51378EA2B8F8DCF008E839E /* Debug */ = {
			isa = XCBuildConfiguration;
			buildSettings = {
				ALWAYS_EMBED_SWIFT_STANDARD_LIBRARIES = YES;
				BUNDLE_LOADER = "$(TEST_HOST)";
				CODE_SIGN_STYLE = Automatic;
				CURRENT_PROJECT_VERSION = 1;
				GENERATE_INFOPLIST_FILE = YES;
				IPHONEOS_DEPLOYMENT_TARGET = 17.2;
				MARKETING_VERSION = 1.0;
				PRODUCT_BUNDLE_IDENTIFIER = "bachiero.Rick-and-MortyTests";
				PRODUCT_NAME = "$(TARGET_NAME)";
				SWIFT_EMIT_LOC_STRINGS = NO;
				SWIFT_VERSION = 5.0;
				TARGETED_DEVICE_FAMILY = "1,2";
				TEST_HOST = "$(BUILT_PRODUCTS_DIR)/Rick and Morty.app/$(BUNDLE_EXECUTABLE_FOLDER_PATH)/Rick and Morty";
			};
			name = Debug;
		};
		A51378EB2B8F8DCF008E839E /* Release */ = {
			isa = XCBuildConfiguration;
			buildSettings = {
				ALWAYS_EMBED_SWIFT_STANDARD_LIBRARIES = YES;
				BUNDLE_LOADER = "$(TEST_HOST)";
				CODE_SIGN_STYLE = Automatic;
				CURRENT_PROJECT_VERSION = 1;
				GENERATE_INFOPLIST_FILE = YES;
				IPHONEOS_DEPLOYMENT_TARGET = 17.2;
				MARKETING_VERSION = 1.0;
				PRODUCT_BUNDLE_IDENTIFIER = "bachiero.Rick-and-MortyTests";
				PRODUCT_NAME = "$(TARGET_NAME)";
				SWIFT_EMIT_LOC_STRINGS = NO;
				SWIFT_VERSION = 5.0;
				TARGETED_DEVICE_FAMILY = "1,2";
				TEST_HOST = "$(BUILT_PRODUCTS_DIR)/Rick and Morty.app/$(BUNDLE_EXECUTABLE_FOLDER_PATH)/Rick and Morty";
			};
			name = Release;
		};
		A51378ED2B8F8DCF008E839E /* Debug */ = {
			isa = XCBuildConfiguration;
			buildSettings = {
				ALWAYS_EMBED_SWIFT_STANDARD_LIBRARIES = YES;
				CODE_SIGN_STYLE = Automatic;
				CURRENT_PROJECT_VERSION = 1;
				GENERATE_INFOPLIST_FILE = YES;
				MARKETING_VERSION = 1.0;
				PRODUCT_BUNDLE_IDENTIFIER = "bachiero.Rick-and-MortyUITests";
				PRODUCT_NAME = "$(TARGET_NAME)";
				SWIFT_EMIT_LOC_STRINGS = NO;
				SWIFT_VERSION = 5.0;
				TARGETED_DEVICE_FAMILY = "1,2";
				TEST_TARGET_NAME = "Rick and Morty";
			};
			name = Debug;
		};
		A51378EE2B8F8DCF008E839E /* Release */ = {
			isa = XCBuildConfiguration;
			buildSettings = {
				ALWAYS_EMBED_SWIFT_STANDARD_LIBRARIES = YES;
				CODE_SIGN_STYLE = Automatic;
				CURRENT_PROJECT_VERSION = 1;
				GENERATE_INFOPLIST_FILE = YES;
				MARKETING_VERSION = 1.0;
				PRODUCT_BUNDLE_IDENTIFIER = "bachiero.Rick-and-MortyUITests";
				PRODUCT_NAME = "$(TARGET_NAME)";
				SWIFT_EMIT_LOC_STRINGS = NO;
				SWIFT_VERSION = 5.0;
				TARGETED_DEVICE_FAMILY = "1,2";
				TEST_TARGET_NAME = "Rick and Morty";
			};
			name = Release;
		};
/* End XCBuildConfiguration section */

/* Begin XCConfigurationList section */
		A51378B42B8F8DCE008E839E /* Build configuration list for PBXProject "Rick and Morty" */ = {
			isa = XCConfigurationList;
			buildConfigurations = (
				A51378E42B8F8DCF008E839E /* Debug */,
				A51378E52B8F8DCF008E839E /* Release */,
			);
			defaultConfigurationIsVisible = 0;
			defaultConfigurationName = Release;
		};
		A51378E62B8F8DCF008E839E /* Build configuration list for PBXNativeTarget "Rick and Morty" */ = {
			isa = XCConfigurationList;
			buildConfigurations = (
				A51378E72B8F8DCF008E839E /* Debug */,
				A51378E82B8F8DCF008E839E /* Release */,
			);
			defaultConfigurationIsVisible = 0;
			defaultConfigurationName = Release;
		};
		A51378E92B8F8DCF008E839E /* Build configuration list for PBXNativeTarget "Rick and MortyTests" */ = {
			isa = XCConfigurationList;
			buildConfigurations = (
				A51378EA2B8F8DCF008E839E /* Debug */,
				A51378EB2B8F8DCF008E839E /* Release */,
			);
			defaultConfigurationIsVisible = 0;
			defaultConfigurationName = Release;
		};
		A51378EC2B8F8DCF008E839E /* Build configuration list for PBXNativeTarget "Rick and MortyUITests" */ = {
			isa = XCConfigurationList;
			buildConfigurations = (
				A51378ED2B8F8DCF008E839E /* Debug */,
				A51378EE2B8F8DCF008E839E /* Release */,
			);
			defaultConfigurationIsVisible = 0;
			defaultConfigurationName = Release;
		};
/* End XCConfigurationList section */

/* Begin XCVersionGroup section */
		A51378C52B8F8DCE008E839E /* Rick_and_Morty.xcdatamodeld */ = {
			isa = XCVersionGroup;
			children = (
				A51378C62B8F8DCE008E839E /* Rick_and_Morty.xcdatamodel */,
			);
			currentVersion = A51378C62B8F8DCE008E839E /* Rick_and_Morty.xcdatamodel */;
			path = Rick_and_Morty.xcdatamodeld;
			sourceTree = "<group>";
			versionGroupType = wrapper.xcdatamodel;
		};
/* End XCVersionGroup section */
	};
	rootObject = A51378B12B8F8DCE008E839E /* Project object */;
}
