// !$*UTF8*$!
{
	archiveVersion = 1;
	classes = {
	};
	objectVersion = 56;
	objects = {

/* Begin PBXBuildFile section */
		A51378BD2B8F8DCE008E839E /* AppDelegate.swift in Sources */ = {isa = PBXBuildFile; fileRef = A51378BC2B8F8DCE008E839E /* AppDelegate.swift */; };
		A51378BF2B8F8DCE008E839E /* SceneDelegate.swift in Sources */ = {isa = PBXBuildFile; fileRef = A51378BE2B8F8DCE008E839E /* SceneDelegate.swift */; };
		A51378C12B8F8DCE008E839E /* NavigationController.swift in Sources */ = {isa = PBXBuildFile; fileRef = A51378C02B8F8DCE008E839E /* NavigationController.swift */; };
		A51378C72B8F8DCE008E839E /* Rick_and_Morty.xcdatamodeld in Sources */ = {isa = PBXBuildFile; fileRef = A51378C52B8F8DCE008E839E /* Rick_and_Morty.xcdatamodeld */; };
		A51378C92B8F8DCF008E839E /* Assets.xcassets in Resources */ = {isa = PBXBuildFile; fileRef = A51378C82B8F8DCF008E839E /* Assets.xcassets */; };
		A51378CC2B8F8DCF008E839E /* LaunchScreen.storyboard in Resources */ = {isa = PBXBuildFile; fileRef = A51378CA2B8F8DCF008E839E /* LaunchScreen.storyboard */; };
		A51378FF2B8F9282008E839E /* Rick_and_MortyTests.swift in Sources */ = {isa = PBXBuildFile; fileRef = A51378FE2B8F9282008E839E /* Rick_and_MortyTests.swift */; };
		A51379062B8F9378008E839E /* MockAppDelegate.swift in Sources */ = {isa = PBXBuildFile; fileRef = A51379052B8F9378008E839E /* MockAppDelegate.swift */; };
		A51379082B8F93ED008E839E /* main.swift in Sources */ = {isa = PBXBuildFile; fileRef = A51379072B8F93ED008E839E /* main.swift */; };
		A5E235DF2B90DF320057DB36 /* CharactersListViewController.swift in Sources */ = {isa = PBXBuildFile; fileRef = A5E235DE2B90DF320057DB36 /* CharactersListViewController.swift */; };
		A5E235E12B90DF3B0057DB36 /* CharactersListPresenter.swift in Sources */ = {isa = PBXBuildFile; fileRef = A5E235E02B90DF3B0057DB36 /* CharactersListPresenter.swift */; };
		A5E235E32B90DF410057DB36 /* CharactersListConfigurator.swift in Sources */ = {isa = PBXBuildFile; fileRef = A5E235E22B90DF410057DB36 /* CharactersListConfigurator.swift */; };
		A5E235E52B90DF460057DB36 /* CharactersListRouter.swift in Sources */ = {isa = PBXBuildFile; fileRef = A5E235E42B90DF460057DB36 /* CharactersListRouter.swift */; };
		A5E235E72B90DF5A0057DB36 /* CharactersListViewModel.swift in Sources */ = {isa = PBXBuildFile; fileRef = A5E235E62B90DF5A0057DB36 /* CharactersListViewModel.swift */; };
		A5E235EA2B90E7940057DB36 /* CharacterDetailsViewController.swift in Sources */ = {isa = PBXBuildFile; fileRef = A5E235E92B90E7940057DB36 /* CharacterDetailsViewController.swift */; };
		A5E235EC2B90E79A0057DB36 /* CharacterDetailsPresenter.swift in Sources */ = {isa = PBXBuildFile; fileRef = A5E235EB2B90E79A0057DB36 /* CharacterDetailsPresenter.swift */; };
		A5E235EE2B90E7A10057DB36 /* CharacterDetailsConfigurator.swift in Sources */ = {isa = PBXBuildFile; fileRef = A5E235ED2B90E7A10057DB36 /* CharacterDetailsConfigurator.swift */; };
		A5E235F02B90E7A60057DB36 /* CharacterDetailsRouter.swift in Sources */ = {isa = PBXBuildFile; fileRef = A5E235EF2B90E7A60057DB36 /* CharacterDetailsRouter.swift */; };
		A5E235F22B90E7AD0057DB36 /* CharacterDetailsViewModel.swift in Sources */ = {isa = PBXBuildFile; fileRef = A5E235F12B90E7AD0057DB36 /* CharacterDetailsViewModel.swift */; };
/* End PBXBuildFile section */

/* Begin PBXContainerItemProxy section */
		A51379002B8F9282008E839E /* PBXContainerItemProxy */ = {
			isa = PBXContainerItemProxy;
			containerPortal = A51378B12B8F8DCE008E839E /* Project object */;
			proxyType = 1;
			remoteGlobalIDString = A51378B82B8F8DCE008E839E;
			remoteInfo = "Rick and Morty";
		};
/* End PBXContainerItemProxy section */

/* Begin PBXFileReference section */
		A51378B92B8F8DCE008E839E /* Rick and Morty.app */ = {isa = PBXFileReference; explicitFileType = wrapper.application; includeInIndex = 0; path = "Rick and Morty.app"; sourceTree = BUILT_PRODUCTS_DIR; };
		A51378BC2B8F8DCE008E839E /* AppDelegate.swift */ = {isa = PBXFileReference; lastKnownFileType = sourcecode.swift; path = AppDelegate.swift; sourceTree = "<group>"; };
		A51378BE2B8F8DCE008E839E /* SceneDelegate.swift */ = {isa = PBXFileReference; lastKnownFileType = sourcecode.swift; path = SceneDelegate.swift; sourceTree = "<group>"; };
		A51378C02B8F8DCE008E839E /* NavigationController.swift */ = {isa = PBXFileReference; lastKnownFileType = sourcecode.swift; path = NavigationController.swift; sourceTree = "<group>"; };
		A51378C62B8F8DCE008E839E /* Rick_and_Morty.xcdatamodel */ = {isa = PBXFileReference; lastKnownFileType = wrapper.xcdatamodel; path = Rick_and_Morty.xcdatamodel; sourceTree = "<group>"; };
		A51378C82B8F8DCF008E839E /* Assets.xcassets */ = {isa = PBXFileReference; lastKnownFileType = folder.assetcatalog; path = Assets.xcassets; sourceTree = "<group>"; };
		A51378CB2B8F8DCF008E839E /* Base */ = {isa = PBXFileReference; lastKnownFileType = file.storyboard; name = Base; path = Base.lproj/LaunchScreen.storyboard; sourceTree = "<group>"; };
		A51378CD2B8F8DCF008E839E /* Info.plist */ = {isa = PBXFileReference; lastKnownFileType = text.plist.xml; path = Info.plist; sourceTree = "<group>"; };
		A51378FC2B8F9282008E839E /* Rick and MortyTests.xctest */ = {isa = PBXFileReference; explicitFileType = wrapper.cfbundle; includeInIndex = 0; path = "Rick and MortyTests.xctest"; sourceTree = BUILT_PRODUCTS_DIR; };
		A51378FE2B8F9282008E839E /* Rick_and_MortyTests.swift */ = {isa = PBXFileReference; lastKnownFileType = sourcecode.swift; path = Rick_and_MortyTests.swift; sourceTree = "<group>"; };
		A51379052B8F9378008E839E /* MockAppDelegate.swift */ = {isa = PBXFileReference; lastKnownFileType = sourcecode.swift; path = MockAppDelegate.swift; sourceTree = "<group>"; };
		A51379072B8F93ED008E839E /* main.swift */ = {isa = PBXFileReference; lastKnownFileType = sourcecode.swift; path = main.swift; sourceTree = "<group>"; };
		A5E235DE2B90DF320057DB36 /* CharactersListViewController.swift */ = {isa = PBXFileReference; lastKnownFileType = sourcecode.swift; path = CharactersListViewController.swift; sourceTree = "<group>"; };
		A5E235E02B90DF3B0057DB36 /* CharactersListPresenter.swift */ = {isa = PBXFileReference; lastKnownFileType = sourcecode.swift; path = CharactersListPresenter.swift; sourceTree = "<group>"; };
		A5E235E22B90DF410057DB36 /* CharactersListConfigurator.swift */ = {isa = PBXFileReference; lastKnownFileType = sourcecode.swift; path = CharactersListConfigurator.swift; sourceTree = "<group>"; };
		A5E235E42B90DF460057DB36 /* CharactersListRouter.swift */ = {isa = PBXFileReference; lastKnownFileType = sourcecode.swift; path = CharactersListRouter.swift; sourceTree = "<group>"; };
		A5E235E62B90DF5A0057DB36 /* CharactersListViewModel.swift */ = {isa = PBXFileReference; lastKnownFileType = sourcecode.swift; path = CharactersListViewModel.swift; sourceTree = "<group>"; };
		A5E235E92B90E7940057DB36 /* CharacterDetailsViewController.swift */ = {isa = PBXFileReference; lastKnownFileType = sourcecode.swift; path = CharacterDetailsViewController.swift; sourceTree = "<group>"; };
		A5E235EB2B90E79A0057DB36 /* CharacterDetailsPresenter.swift */ = {isa = PBXFileReference; lastKnownFileType = sourcecode.swift; path = CharacterDetailsPresenter.swift; sourceTree = "<group>"; };
		A5E235ED2B90E7A10057DB36 /* CharacterDetailsConfigurator.swift */ = {isa = PBXFileReference; lastKnownFileType = sourcecode.swift; path = CharacterDetailsConfigurator.swift; sourceTree = "<group>"; };
		A5E235EF2B90E7A60057DB36 /* CharacterDetailsRouter.swift */ = {isa = PBXFileReference; lastKnownFileType = sourcecode.swift; path = CharacterDetailsRouter.swift; sourceTree = "<group>"; };
		A5E235F12B90E7AD0057DB36 /* CharacterDetailsViewModel.swift */ = {isa = PBXFileReference; lastKnownFileType = sourcecode.swift; path = CharacterDetailsViewModel.swift; sourceTree = "<group>"; };
		A5E235F32B90E9800057DB36 /* Rick and Morty.xctestplan */ = {isa = PBXFileReference; lastKnownFileType = text; name = "Rick and Morty.xctestplan"; path = "../Rick and Morty.xctestplan"; sourceTree = "<group>"; };
/* End PBXFileReference section */

/* Begin PBXFrameworksBuildPhase section */
		A51378B62B8F8DCE008E839E /* Frameworks */ = {
			isa = PBXFrameworksBuildPhase;
			buildActionMask = 2147483647;
			files = (
			);
			runOnlyForDeploymentPostprocessing = 0;
		};
		A51378F92B8F9282008E839E /* Frameworks */ = {
			isa = PBXFrameworksBuildPhase;
			buildActionMask = 2147483647;
			files = (
			);
			runOnlyForDeploymentPostprocessing = 0;
		};
/* End PBXFrameworksBuildPhase section */

/* Begin PBXGroup section */
		A51378B02B8F8DCE008E839E = {
			isa = PBXGroup;
			children = (
				A5E235F32B90E9800057DB36 /* Rick and Morty.xctestplan */,
				A51378BB2B8F8DCE008E839E /* Rick and Morty */,
				A51378FD2B8F9282008E839E /* Rick and MortyTests */,
				A51378BA2B8F8DCE008E839E /* Products */,
			);
			sourceTree = "<group>";
		};
		A51378BA2B8F8DCE008E839E /* Products */ = {
			isa = PBXGroup;
			children = (
				A51378B92B8F8DCE008E839E /* Rick and Morty.app */,
				A51378FC2B8F9282008E839E /* Rick and MortyTests.xctest */,
			);
			name = Products;
			sourceTree = "<group>";
		};
		A51378BB2B8F8DCE008E839E /* Rick and Morty */ = {
			isa = PBXGroup;
			children = (
				A51378F02B8F8FA3008E839E /* Initial Files */,
				A51378F12B8F8FD5008E839E /* Core */,
				A5E235DB2B90DDDD0057DB36 /* Network */,
			);
			path = "Rick and Morty";
			sourceTree = "<group>";
		};
		A51378F02B8F8FA3008E839E /* Initial Files */ = {
			isa = PBXGroup;
			children = (
				A51378BC2B8F8DCE008E839E /* AppDelegate.swift */,
				A51378BE2B8F8DCE008E839E /* SceneDelegate.swift */,
				A51378C82B8F8DCF008E839E /* Assets.xcassets */,
				A51378CA2B8F8DCF008E839E /* LaunchScreen.storyboard */,
				A51378CD2B8F8DCF008E839E /* Info.plist */,
				A51378C52B8F8DCE008E839E /* Rick_and_Morty.xcdatamodeld */,
				A51379052B8F9378008E839E /* MockAppDelegate.swift */,
				A51379072B8F93ED008E839E /* main.swift */,
			);
			path = "Initial Files";
			sourceTree = "<group>";
		};
		A51378F12B8F8FD5008E839E /* Core */ = {
			isa = PBXGroup;
			children = (
				A51378F52B8F9060008E839E /* NavigationController */,
				A51378F22B8F8FE8008E839E /* Scenes */,
			);
			path = Core;
			sourceTree = "<group>";
		};
		A51378F22B8F8FE8008E839E /* Scenes */ = {
			isa = PBXGroup;
			children = (
				A51378F32B8F9001008E839E /* CharactersList */,
				A51378F42B8F904B008E839E /* CharacterDetails */,
			);
			path = Scenes;
			sourceTree = "<group>";
		};
		A51378F32B8F9001008E839E /* CharactersList */ = {
			isa = PBXGroup;
			children = (
				A5E235DE2B90DF320057DB36 /* CharactersListViewController.swift */,
				A5E235E02B90DF3B0057DB36 /* CharactersListPresenter.swift */,
				A5E235E22B90DF410057DB36 /* CharactersListConfigurator.swift */,
				A5E235E42B90DF460057DB36 /* CharactersListRouter.swift */,
				A5E235E62B90DF5A0057DB36 /* CharactersListViewModel.swift */,
			);
			path = CharactersList;
			sourceTree = "<group>";
		};
		A51378F42B8F904B008E839E /* CharacterDetails */ = {
			isa = PBXGroup;
			children = (
				A5E235E92B90E7940057DB36 /* CharacterDetailsViewController.swift */,
				A5E235EB2B90E79A0057DB36 /* CharacterDetailsPresenter.swift */,
				A5E235ED2B90E7A10057DB36 /* CharacterDetailsConfigurator.swift */,
				A5E235EF2B90E7A60057DB36 /* CharacterDetailsRouter.swift */,
				A5E235F12B90E7AD0057DB36 /* CharacterDetailsViewModel.swift */,
			);
			path = CharacterDetails;
			sourceTree = "<group>";
		};
		A51378F52B8F9060008E839E /* NavigationController */ = {
			isa = PBXGroup;
			children = (
				A51378C02B8F8DCE008E839E /* NavigationController.swift */,
			);
			path = NavigationController;
			sourceTree = "<group>";
		};
		A51378FD2B8F9282008E839E /* Rick and MortyTests */ = {
			isa = PBXGroup;
			children = (
				A51378FE2B8F9282008E839E /* Rick_and_MortyTests.swift */,
			);
			path = "Rick and MortyTests";
			sourceTree = "<group>";
		};
		A5E235DB2B90DDDD0057DB36 /* Network */ = {
			isa = PBXGroup;
			children = (
			);
			path = Network;
			sourceTree = "<group>";
		};
/* End PBXGroup section */

/* Begin PBXNativeTarget section */
		A51378B82B8F8DCE008E839E /* Rick and Morty */ = {
			isa = PBXNativeTarget;
			buildConfigurationList = A51378E62B8F8DCF008E839E /* Build configuration list for PBXNativeTarget "Rick and Morty" */;
			buildPhases = (
				A51378B52B8F8DCE008E839E /* Sources */,
				A51378B62B8F8DCE008E839E /* Frameworks */,
				A51378B72B8F8DCE008E839E /* Resources */,
			);
			buildRules = (
			);
			dependencies = (
			);
			name = "Rick and Morty";
			productName = "Rick and Morty";
			productReference = A51378B92B8F8DCE008E839E /* Rick and Morty.app */;
			productType = "com.apple.product-type.application";
		};
		A51378FB2B8F9282008E839E /* Rick and MortyTests */ = {
			isa = PBXNativeTarget;
			buildConfigurationList = A51379022B8F9282008E839E /* Build configuration list for PBXNativeTarget "Rick and MortyTests" */;
			buildPhases = (
				A51378F82B8F9282008E839E /* Sources */,
				A51378F92B8F9282008E839E /* Frameworks */,
				A51378FA2B8F9282008E839E /* Resources */,
			);
			buildRules = (
			);
			dependencies = (
				A51379012B8F9282008E839E /* PBXTargetDependency */,
			);
			name = "Rick and MortyTests";
			productName = "Rick and MortyTests";
			productReference = A51378FC2B8F9282008E839E /* Rick and MortyTests.xctest */;
			productType = "com.apple.product-type.bundle.unit-test";
		};
/* End PBXNativeTarget section */

/* Begin PBXProject section */
		A51378B12B8F8DCE008E839E /* Project object */ = {
			isa = PBXProject;
			attributes = {
				BuildIndependentTargetsInParallel = 1;
				LastSwiftUpdateCheck = 1520;
				LastUpgradeCheck = 1520;
				TargetAttributes = {
					A51378B82B8F8DCE008E839E = {
						CreatedOnToolsVersion = 15.2;
					};
					A51378FB2B8F9282008E839E = {
						CreatedOnToolsVersion = 15.2;
						TestTargetID = A51378B82B8F8DCE008E839E;
					};
				};
			};
			buildConfigurationList = A51378B42B8F8DCE008E839E /* Build configuration list for PBXProject "Rick and Morty" */;
			compatibilityVersion = "Xcode 14.0";
			developmentRegion = en;
			hasScannedForEncodings = 0;
			knownRegions = (
				en,
				Base,
			);
			mainGroup = A51378B02B8F8DCE008E839E;
			productRefGroup = A51378BA2B8F8DCE008E839E /* Products */;
			projectDirPath = "";
			projectRoot = "";
			targets = (
				A51378B82B8F8DCE008E839E /* Rick and Morty */,
				A51378FB2B8F9282008E839E /* Rick and MortyTests */,
			);
		};
/* End PBXProject section */

/* Begin PBXResourcesBuildPhase section */
		A51378B72B8F8DCE008E839E /* Resources */ = {
			isa = PBXResourcesBuildPhase;
			buildActionMask = 2147483647;
			files = (
				A51378CC2B8F8DCF008E839E /* LaunchScreen.storyboard in Resources */,
				A51378C92B8F8DCF008E839E /* Assets.xcassets in Resources */,
			);
			runOnlyForDeploymentPostprocessing = 0;
		};
		A51378FA2B8F9282008E839E /* Resources */ = {
			isa = PBXResourcesBuildPhase;
			buildActionMask = 2147483647;
			files = (
			);
			runOnlyForDeploymentPostprocessing = 0;
		};
/* End PBXResourcesBuildPhase section */

/* Begin PBXSourcesBuildPhase section */
		A51378B52B8F8DCE008E839E /* Sources */ = {
			isa = PBXSourcesBuildPhase;
			buildActionMask = 2147483647;
			files = (
				A5E235E72B90DF5A0057DB36 /* CharactersListViewModel.swift in Sources */,
				A5E235EE2B90E7A10057DB36 /* CharacterDetailsConfigurator.swift in Sources */,
				A51379082B8F93ED008E839E /* main.swift in Sources */,
				A51378C72B8F8DCE008E839E /* Rick_and_Morty.xcdatamodeld in Sources */,
				A5E235E32B90DF410057DB36 /* CharactersListConfigurator.swift in Sources */,
				A51378C12B8F8DCE008E839E /* NavigationController.swift in Sources */,
				A5E235EA2B90E7940057DB36 /* CharacterDetailsViewController.swift in Sources */,
				A51379062B8F9378008E839E /* MockAppDelegate.swift in Sources */,
				A5E235E12B90DF3B0057DB36 /* CharactersListPresenter.swift in Sources */,
				A5E235F22B90E7AD0057DB36 /* CharacterDetailsViewModel.swift in Sources */,
				A5E235E52B90DF460057DB36 /* CharactersListRouter.swift in Sources */,
				A5E235EC2B90E79A0057DB36 /* CharacterDetailsPresenter.swift in Sources */,
				A5E235F02B90E7A60057DB36 /* CharacterDetailsRouter.swift in Sources */,
				A5E235DF2B90DF320057DB36 /* CharactersListViewController.swift in Sources */,
				A51378BD2B8F8DCE008E839E /* AppDelegate.swift in Sources */,
				A51378BF2B8F8DCE008E839E /* SceneDelegate.swift in Sources */,
			);
			runOnlyForDeploymentPostprocessing = 0;
		};
		A51378F82B8F9282008E839E /* Sources */ = {
			isa = PBXSourcesBuildPhase;
			buildActionMask = 2147483647;
			files = (
				A51378FF2B8F9282008E839E /* Rick_and_MortyTests.swift in Sources */,
			);
			runOnlyForDeploymentPostprocessing = 0;
		};
/* End PBXSourcesBuildPhase section */

/* Begin PBXTargetDependency section */
		A51379012B8F9282008E839E /* PBXTargetDependency */ = {
			isa = PBXTargetDependency;
			target = A51378B82B8F8DCE008E839E /* Rick and Morty */;
			targetProxy = A51379002B8F9282008E839E /* PBXContainerItemProxy */;
		};
/* End PBXTargetDependency section */

/* Begin PBXVariantGroup section */
		A51378CA2B8F8DCF008E839E /* LaunchScreen.storyboard */ = {
			isa = PBXVariantGroup;
			children = (
				A51378CB2B8F8DCF008E839E /* Base */,
			);
			name = LaunchScreen.storyboard;
			sourceTree = "<group>";
		};
/* End PBXVariantGroup section */

/* Begin XCBuildConfiguration section */
		A51378E42B8F8DCF008E839E /* Debug */ = {
			isa = XCBuildConfiguration;
			buildSettings = {
				ALWAYS_SEARCH_USER_PATHS = NO;
				ASSETCATALOG_COMPILER_GENERATE_SWIFT_ASSET_SYMBOL_EXTENSIONS = YES;
				CLANG_ANALYZER_NONNULL = YES;
				CLANG_ANALYZER_NUMBER_OBJECT_CONVERSION = YES_AGGRESSIVE;
				CLANG_CXX_LANGUAGE_STANDARD = "gnu++20";
				CLANG_ENABLE_MODULES = YES;
				CLANG_ENABLE_OBJC_ARC = YES;
				CLANG_ENABLE_OBJC_WEAK = YES;
				CLANG_WARN_BLOCK_CAPTURE_AUTORELEASING = YES;
				CLANG_WARN_BOOL_CONVERSION = YES;
				CLANG_WARN_COMMA = YES;
				CLANG_WARN_CONSTANT_CONVERSION = YES;
				CLANG_WARN_DEPRECATED_OBJC_IMPLEMENTATIONS = YES;
				CLANG_WARN_DIRECT_OBJC_ISA_USAGE = YES_ERROR;
				CLANG_WARN_DOCUMENTATION_COMMENTS = YES;
				CLANG_WARN_EMPTY_BODY = YES;
				CLANG_WARN_ENUM_CONVERSION = YES;
				CLANG_WARN_INFINITE_RECURSION = YES;
				CLANG_WARN_INT_CONVERSION = YES;
				CLANG_WARN_NON_LITERAL_NULL_CONVERSION = YES;
				CLANG_WARN_OBJC_IMPLICIT_RETAIN_SELF = YES;
				CLANG_WARN_OBJC_LITERAL_CONVERSION = YES;
				CLANG_WARN_OBJC_ROOT_CLASS = YES_ERROR;
				CLANG_WARN_QUOTED_INCLUDE_IN_FRAMEWORK_HEADER = YES;
				CLANG_WARN_RANGE_LOOP_ANALYSIS = YES;
				CLANG_WARN_STRICT_PROTOTYPES = YES;
				CLANG_WARN_SUSPICIOUS_MOVE = YES;
				CLANG_WARN_UNGUARDED_AVAILABILITY = YES_AGGRESSIVE;
				CLANG_WARN_UNREACHABLE_CODE = YES;
				CLANG_WARN__DUPLICATE_METHOD_MATCH = YES;
				COPY_PHASE_STRIP = NO;
				DEBUG_INFORMATION_FORMAT = dwarf;
				ENABLE_STRICT_OBJC_MSGSEND = YES;
				ENABLE_TESTABILITY = YES;
				ENABLE_USER_SCRIPT_SANDBOXING = YES;
				GCC_C_LANGUAGE_STANDARD = gnu17;
				GCC_DYNAMIC_NO_PIC = NO;
				GCC_NO_COMMON_BLOCKS = YES;
				GCC_OPTIMIZATION_LEVEL = 0;
				GCC_PREPROCESSOR_DEFINITIONS = (
					"DEBUG=1",
					"$(inherited)",
				);
				GCC_WARN_64_TO_32_BIT_CONVERSION = YES;
				GCC_WARN_ABOUT_RETURN_TYPE = YES_ERROR;
				GCC_WARN_UNDECLARED_SELECTOR = YES;
				GCC_WARN_UNINITIALIZED_AUTOS = YES_AGGRESSIVE;
				GCC_WARN_UNUSED_FUNCTION = YES;
				GCC_WARN_UNUSED_VARIABLE = YES;
				IPHONEOS_DEPLOYMENT_TARGET = 17.2;
				LOCALIZATION_PREFERS_STRING_CATALOGS = YES;
				MTL_ENABLE_DEBUG_INFO = INCLUDE_SOURCE;
				MTL_FAST_MATH = YES;
				ONLY_ACTIVE_ARCH = YES;
				SDKROOT = iphoneos;
				SWIFT_ACTIVE_COMPILATION_CONDITIONS = "DEBUG $(inherited)";
				SWIFT_OPTIMIZATION_LEVEL = "-Onone";
			};
			name = Debug;
		};
		A51378E52B8F8DCF008E839E /* Release */ = {
			isa = XCBuildConfiguration;
			buildSettings = {
				ALWAYS_SEARCH_USER_PATHS = NO;
				ASSETCATALOG_COMPILER_GENERATE_SWIFT_ASSET_SYMBOL_EXTENSIONS = YES;
				CLANG_ANALYZER_NONNULL = YES;
				CLANG_ANALYZER_NUMBER_OBJECT_CONVERSION = YES_AGGRESSIVE;
				CLANG_CXX_LANGUAGE_STANDARD = "gnu++20";
				CLANG_ENABLE_MODULES = YES;
				CLANG_ENABLE_OBJC_ARC = YES;
				CLANG_ENABLE_OBJC_WEAK = YES;
				CLANG_WARN_BLOCK_CAPTURE_AUTORELEASING = YES;
				CLANG_WARN_BOOL_CONVERSION = YES;
				CLANG_WARN_COMMA = YES;
				CLANG_WARN_CONSTANT_CONVERSION = YES;
				CLANG_WARN_DEPRECATED_OBJC_IMPLEMENTATIONS = YES;
				CLANG_WARN_DIRECT_OBJC_ISA_USAGE = YES_ERROR;
				CLANG_WARN_DOCUMENTATION_COMMENTS = YES;
				CLANG_WARN_EMPTY_BODY = YES;
				CLANG_WARN_ENUM_CONVERSION = YES;
				CLANG_WARN_INFINITE_RECURSION = YES;
				CLANG_WARN_INT_CONVERSION = YES;
				CLANG_WARN_NON_LITERAL_NULL_CONVERSION = YES;
				CLANG_WARN_OBJC_IMPLICIT_RETAIN_SELF = YES;
				CLANG_WARN_OBJC_LITERAL_CONVERSION = YES;
				CLANG_WARN_OBJC_ROOT_CLASS = YES_ERROR;
				CLANG_WARN_QUOTED_INCLUDE_IN_FRAMEWORK_HEADER = YES;
				CLANG_WARN_RANGE_LOOP_ANALYSIS = YES;
				CLANG_WARN_STRICT_PROTOTYPES = YES;
				CLANG_WARN_SUSPICIOUS_MOVE = YES;
				CLANG_WARN_UNGUARDED_AVAILABILITY = YES_AGGRESSIVE;
				CLANG_WARN_UNREACHABLE_CODE = YES;
				CLANG_WARN__DUPLICATE_METHOD_MATCH = YES;
				COPY_PHASE_STRIP = NO;
				DEBUG_INFORMATION_FORMAT = "dwarf-with-dsym";
				ENABLE_NS_ASSERTIONS = NO;
				ENABLE_STRICT_OBJC_MSGSEND = YES;
				ENABLE_USER_SCRIPT_SANDBOXING = YES;
				GCC_C_LANGUAGE_STANDARD = gnu17;
				GCC_NO_COMMON_BLOCKS = YES;
				GCC_WARN_64_TO_32_BIT_CONVERSION = YES;
				GCC_WARN_ABOUT_RETURN_TYPE = YES_ERROR;
				GCC_WARN_UNDECLARED_SELECTOR = YES;
				GCC_WARN_UNINITIALIZED_AUTOS = YES_AGGRESSIVE;
				GCC_WARN_UNUSED_FUNCTION = YES;
				GCC_WARN_UNUSED_VARIABLE = YES;
				IPHONEOS_DEPLOYMENT_TARGET = 17.2;
				LOCALIZATION_PREFERS_STRING_CATALOGS = YES;
				MTL_ENABLE_DEBUG_INFO = NO;
				MTL_FAST_MATH = YES;
				SDKROOT = iphoneos;
				SWIFT_COMPILATION_MODE = wholemodule;
				VALIDATE_PRODUCT = YES;
			};
			name = Release;
		};
		A51378E72B8F8DCF008E839E /* Debug */ = {
			isa = XCBuildConfiguration;
			buildSettings = {
				ASSETCATALOG_COMPILER_APPICON_NAME = AppIcon;
				ASSETCATALOG_COMPILER_GLOBAL_ACCENT_COLOR_NAME = AccentColor;
				CODE_SIGN_STYLE = Automatic;
				CURRENT_PROJECT_VERSION = 1;
				GENERATE_INFOPLIST_FILE = YES;
				INFOPLIST_FILE = "Rick and Morty/Info.plist";
				INFOPLIST_KEY_UIApplicationSupportsIndirectInputEvents = YES;
				INFOPLIST_KEY_UILaunchStoryboardName = LaunchScreen;
				INFOPLIST_KEY_UISupportedInterfaceOrientations_iPad = "UIInterfaceOrientationPortrait UIInterfaceOrientationPortraitUpsideDown UIInterfaceOrientationLandscapeLeft UIInterfaceOrientationLandscapeRight";
				INFOPLIST_KEY_UISupportedInterfaceOrientations_iPhone = "UIInterfaceOrientationPortrait UIInterfaceOrientationLandscapeLeft UIInterfaceOrientationLandscapeRight";
				LD_RUNPATH_SEARCH_PATHS = (
					"$(inherited)",
					"@executable_path/Frameworks",
				);
				MARKETING_VERSION = 1.0;
				PRODUCT_BUNDLE_IDENTIFIER = "bachiero.Rick-and-Morty";
				PRODUCT_NAME = "$(TARGET_NAME)";
				SWIFT_EMIT_LOC_STRINGS = YES;
				SWIFT_VERSION = 5.0;
				TARGETED_DEVICE_FAMILY = "1,2";
			};
			name = Debug;
		};
		A51378E82B8F8DCF008E839E /* Release */ = {
			isa = XCBuildConfiguration;
			buildSettings = {
				ASSETCATALOG_COMPILER_APPICON_NAME = AppIcon;
				ASSETCATALOG_COMPILER_GLOBAL_ACCENT_COLOR_NAME = AccentColor;
				CODE_SIGN_STYLE = Automatic;
				CURRENT_PROJECT_VERSION = 1;
				GENERATE_INFOPLIST_FILE = YES;
				INFOPLIST_FILE = "Rick and Morty/Info.plist";
				INFOPLIST_KEY_UIApplicationSupportsIndirectInputEvents = YES;
				INFOPLIST_KEY_UILaunchStoryboardName = LaunchScreen;
				INFOPLIST_KEY_UISupportedInterfaceOrientations_iPad = "UIInterfaceOrientationPortrait UIInterfaceOrientationPortraitUpsideDown UIInterfaceOrientationLandscapeLeft UIInterfaceOrientationLandscapeRight";
				INFOPLIST_KEY_UISupportedInterfaceOrientations_iPhone = "UIInterfaceOrientationPortrait UIInterfaceOrientationLandscapeLeft UIInterfaceOrientationLandscapeRight";
				LD_RUNPATH_SEARCH_PATHS = (
					"$(inherited)",
					"@executable_path/Frameworks",
				);
				MARKETING_VERSION = 1.0;
				PRODUCT_BUNDLE_IDENTIFIER = "bachiero.Rick-and-Morty";
				PRODUCT_NAME = "$(TARGET_NAME)";
				SWIFT_EMIT_LOC_STRINGS = YES;
				SWIFT_VERSION = 5.0;
				TARGETED_DEVICE_FAMILY = "1,2";
			};
			name = Release;
		};
		A51379032B8F9282008E839E /* Debug */ = {
			isa = XCBuildConfiguration;
			buildSettings = {
				BUNDLE_LOADER = "$(TEST_HOST)";
				CODE_SIGN_STYLE = Automatic;
				CURRENT_PROJECT_VERSION = 1;
				GENERATE_INFOPLIST_FILE = YES;
				MARKETING_VERSION = 1.0;
				PRODUCT_BUNDLE_IDENTIFIER = "bachiero.Rick-and-MortyTests";
				PRODUCT_NAME = "$(TARGET_NAME)";
				SWIFT_EMIT_LOC_STRINGS = NO;
				SWIFT_VERSION = 5.0;
				TARGETED_DEVICE_FAMILY = "1,2";
				TEST_HOST = "$(BUILT_PRODUCTS_DIR)/Rick and Morty.app/$(BUNDLE_EXECUTABLE_FOLDER_PATH)/Rick and Morty";
			};
			name = Debug;
		};
		A51379042B8F9282008E839E /* Release */ = {
			isa = XCBuildConfiguration;
			buildSettings = {
				BUNDLE_LOADER = "$(TEST_HOST)";
				CODE_SIGN_STYLE = Automatic;
				CURRENT_PROJECT_VERSION = 1;
				GENERATE_INFOPLIST_FILE = YES;
				MARKETING_VERSION = 1.0;
				PRODUCT_BUNDLE_IDENTIFIER = "bachiero.Rick-and-MortyTests";
				PRODUCT_NAME = "$(TARGET_NAME)";
				SWIFT_EMIT_LOC_STRINGS = NO;
				SWIFT_VERSION = 5.0;
				TARGETED_DEVICE_FAMILY = "1,2";
				TEST_HOST = "$(BUILT_PRODUCTS_DIR)/Rick and Morty.app/$(BUNDLE_EXECUTABLE_FOLDER_PATH)/Rick and Morty";
			};
			name = Release;
		};
/* End XCBuildConfiguration section */

/* Begin XCConfigurationList section */
		A51378B42B8F8DCE008E839E /* Build configuration list for PBXProject "Rick and Morty" */ = {
			isa = XCConfigurationList;
			buildConfigurations = (
				A51378E42B8F8DCF008E839E /* Debug */,
				A51378E52B8F8DCF008E839E /* Release */,
			);
			defaultConfigurationIsVisible = 0;
			defaultConfigurationName = Release;
		};
		A51378E62B8F8DCF008E839E /* Build configuration list for PBXNativeTarget "Rick and Morty" */ = {
			isa = XCConfigurationList;
			buildConfigurations = (
				A51378E72B8F8DCF008E839E /* Debug */,
				A51378E82B8F8DCF008E839E /* Release */,
			);
			defaultConfigurationIsVisible = 0;
			defaultConfigurationName = Release;
		};
		A51379022B8F9282008E839E /* Build configuration list for PBXNativeTarget "Rick and MortyTests" */ = {
			isa = XCConfigurationList;
			buildConfigurations = (
				A51379032B8F9282008E839E /* Debug */,
				A51379042B8F9282008E839E /* Release */,
			);
			defaultConfigurationIsVisible = 0;
			defaultConfigurationName = Release;
		};
/* End XCConfigurationList section */

/* Begin XCVersionGroup section */
		A51378C52B8F8DCE008E839E /* Rick_and_Morty.xcdatamodeld */ = {
			isa = XCVersionGroup;
			children = (
				A51378C62B8F8DCE008E839E /* Rick_and_Morty.xcdatamodel */,
			);
			currentVersion = A51378C62B8F8DCE008E839E /* Rick_and_Morty.xcdatamodel */;
			path = Rick_and_Morty.xcdatamodeld;
			sourceTree = "<group>";
			versionGroupType = wrapper.xcdatamodel;
		};
/* End XCVersionGroup section */
	};
	rootObject = A51378B12B8F8DCE008E839E /* Project object */;
}
