// !$*UTF8*$!
{
	archiveVersion = 1;
	classes = {
	};
	objectVersion = 56;
	objects = {

/* Begin PBXBuildFile section */
		A51378BD2B8F8DCE008E839E /* AppDelegate.swift in Sources */ = {isa = PBXBuildFile; fileRef = A51378BC2B8F8DCE008E839E /* AppDelegate.swift */; };
		A51378BF2B8F8DCE008E839E /* SceneDelegate.swift in Sources */ = {isa = PBXBuildFile; fileRef = A51378BE2B8F8DCE008E839E /* SceneDelegate.swift */; };
		A51378C12B8F8DCE008E839E /* NavigationController.swift in Sources */ = {isa = PBXBuildFile; fileRef = A51378C02B8F8DCE008E839E /* NavigationController.swift */; };
		A51378C72B8F8DCE008E839E /* Rick_and_Morty.xcdatamodeld in Sources */ = {isa = PBXBuildFile; fileRef = A51378C52B8F8DCE008E839E /* Rick_and_Morty.xcdatamodeld */; };
		A51378C92B8F8DCF008E839E /* Assets.xcassets in Resources */ = {isa = PBXBuildFile; fileRef = A51378C82B8F8DCF008E839E /* Assets.xcassets */; };
		A51378CC2B8F8DCF008E839E /* LaunchScreen.storyboard in Resources */ = {isa = PBXBuildFile; fileRef = A51378CA2B8F8DCF008E839E /* LaunchScreen.storyboard */; };
		A51378FF2B8F9282008E839E /* Rick_and_MortyTests.swift in Sources */ = {isa = PBXBuildFile; fileRef = A51378FE2B8F9282008E839E /* Rick_and_MortyTests.swift */; };
		A51379062B8F9378008E839E /* MockAppDelegate.swift in Sources */ = {isa = PBXBuildFile; fileRef = A51379052B8F9378008E839E /* MockAppDelegate.swift */; };
		A51379082B8F93ED008E839E /* main.swift in Sources */ = {isa = PBXBuildFile; fileRef = A51379072B8F93ED008E839E /* main.swift */; };
		A5E235DF2B90DF320057DB36 /* CharactersListViewController.swift in Sources */ = {isa = PBXBuildFile; fileRef = A5E235DE2B90DF320057DB36 /* CharactersListViewController.swift */; };
		A5E235E12B90DF3B0057DB36 /* CharactersListPresenter.swift in Sources */ = {isa = PBXBuildFile; fileRef = A5E235E02B90DF3B0057DB36 /* CharactersListPresenter.swift */; };
		A5E235E32B90DF410057DB36 /* CharactersListConfigurator.swift in Sources */ = {isa = PBXBuildFile; fileRef = A5E235E22B90DF410057DB36 /* CharactersListConfigurator.swift */; };
		A5E235E52B90DF460057DB36 /* CharactersListRouter.swift in Sources */ = {isa = PBXBuildFile; fileRef = A5E235E42B90DF460057DB36 /* CharactersListRouter.swift */; };
		A5E235EA2B90E7940057DB36 /* CharacterDetailsViewController.swift in Sources */ = {isa = PBXBuildFile; fileRef = A5E235E92B90E7940057DB36 /* CharacterDetailsViewController.swift */; };
		A5E235EC2B90E79A0057DB36 /* CharacterDetailsPresenter.swift in Sources */ = {isa = PBXBuildFile; fileRef = A5E235EB2B90E79A0057DB36 /* CharacterDetailsPresenter.swift */; };
		A5E235EE2B90E7A10057DB36 /* CharacterDetailsConfigurator.swift in Sources */ = {isa = PBXBuildFile; fileRef = A5E235ED2B90E7A10057DB36 /* CharacterDetailsConfigurator.swift */; };
		A5E235F02B90E7A60057DB36 /* CharacterDetailsRouter.swift in Sources */ = {isa = PBXBuildFile; fileRef = A5E235EF2B90E7A60057DB36 /* CharacterDetailsRouter.swift */; };
		A5E235FA2B90EDF10057DB36 /* CharactersListEntity.swift in Sources */ = {isa = PBXBuildFile; fileRef = A5E235F92B90EDF10057DB36 /* CharactersListEntity.swift */; };
		A5E235FC2B90EDF90057DB36 /* EpisodeEntity.swift in Sources */ = {isa = PBXBuildFile; fileRef = A5E235FB2B90EDF90057DB36 /* EpisodeEntity.swift */; };
		A5E235FE2B90EDFE0057DB36 /* LocationEntity.swift in Sources */ = {isa = PBXBuildFile; fileRef = A5E235FD2B90EDFE0057DB36 /* LocationEntity.swift */; };
		A5E236012B9115150057DB36 /* Request.swift in Sources */ = {isa = PBXBuildFile; fileRef = A5E236002B9115150057DB36 /* Request.swift */; };
		A5E236032B91152A0057DB36 /* Endpoint.swift in Sources */ = {isa = PBXBuildFile; fileRef = A5E236022B91152A0057DB36 /* Endpoint.swift */; };
		A5E236052B9117BF0057DB36 /* Constants.swift in Sources */ = {isa = PBXBuildFile; fileRef = A5E236042B9117BF0057DB36 /* Constants.swift */; };
		A5E236072B9221FD0057DB36 /* CharactersListGateway.swift in Sources */ = {isa = PBXBuildFile; fileRef = A5E236062B9221FD0057DB36 /* CharactersListGateway.swift */; };
		A5E236092B92248C0057DB36 /* NetworkError.swift in Sources */ = {isa = PBXBuildFile; fileRef = A5E236082B92248C0057DB36 /* NetworkError.swift */; };
		A5E2360D2B9229780057DB36 /* CharacterDomainEntity.swift in Sources */ = {isa = PBXBuildFile; fileRef = A5E2360C2B9229780057DB36 /* CharacterDomainEntity.swift */; };
		A5E2360F2B92298A0057DB36 /* EpisodeDomainEntity.swift in Sources */ = {isa = PBXBuildFile; fileRef = A5E2360E2B92298A0057DB36 /* EpisodeDomainEntity.swift */; };
		A5E236112B9229950057DB36 /* LocationDomainEntity.swift in Sources */ = {isa = PBXBuildFile; fileRef = A5E236102B9229950057DB36 /* LocationDomainEntity.swift */; };
		A5E236172B922E6F0057DB36 /* CharactersListUseCase.swift in Sources */ = {isa = PBXBuildFile; fileRef = A5E236162B922E6F0057DB36 /* CharactersListUseCase.swift */; };
		A5E2361E2B92320A0057DB36 /* UrlRequestFormattable.swift in Sources */ = {isa = PBXBuildFile; fileRef = A5E2361D2B92320A0057DB36 /* UrlRequestFormattable.swift */; };
		A5E236232B9260D20057DB36 /* CharactersListTableViewCell.swift in Sources */ = {isa = PBXBuildFile; fileRef = A5E236222B9260D20057DB36 /* CharactersListTableViewCell.swift */; };
		A5E236252B9260DC0057DB36 /* CharactersListTableViewCellModel.swift in Sources */ = {isa = PBXBuildFile; fileRef = A5E236242B9260DC0057DB36 /* CharactersListTableViewCellModel.swift */; };
		A5E236282B937B9F0057DB36 /* ErrorMessageView.swift in Sources */ = {isa = PBXBuildFile; fileRef = A5E236272B937B9F0057DB36 /* ErrorMessageView.swift */; };
		A5E236332B93933C0057DB36 /* CharacterDetailsUseCase.swift in Sources */ = {isa = PBXBuildFile; fileRef = A5E236322B93933C0057DB36 /* CharacterDetailsUseCase.swift */; };
		A5E236352B9396080057DB36 /* CharacterInfoEntity.swift in Sources */ = {isa = PBXBuildFile; fileRef = A5E236342B9396080057DB36 /* CharacterInfoEntity.swift */; };
		A5E236372B93965F0057DB36 /* CharacterInfoGateway.swift in Sources */ = {isa = PBXBuildFile; fileRef = A5E236362B93965F0057DB36 /* CharacterInfoGateway.swift */; };
		A5E236392B939A230057DB36 /* FetchImageAccessible.swift in Sources */ = {isa = PBXBuildFile; fileRef = A5E236382B939A230057DB36 /* FetchImageAccessible.swift */; };
		A5E2363D2B93BF750057DB36 /* Colors.swift in Sources */ = {isa = PBXBuildFile; fileRef = A5E2363C2B93BF750057DB36 /* Colors.swift */; };
		A5E236402B93C9AD0057DB36 /* CharacterDetailsEpisodeTableViewCell.swift in Sources */ = {isa = PBXBuildFile; fileRef = A5E2363F2B93C9AD0057DB36 /* CharacterDetailsEpisodeTableViewCell.swift */; };
		A5E236422B93C9BF0057DB36 /* CharacterDetailsEpisodeTableViewCellModel.swift in Sources */ = {isa = PBXBuildFile; fileRef = A5E236412B93C9BF0057DB36 /* CharacterDetailsEpisodeTableViewCellModel.swift */; };
		A5E236472B93CB010057DB36 /* CharacterDetailImageTableViewCell.swift in Sources */ = {isa = PBXBuildFile; fileRef = A5E236462B93CB010057DB36 /* CharacterDetailImageTableViewCell.swift */; };
		A5E236492B93CB060057DB36 /* CharacterDetailImageTableViewCellModel.swift in Sources */ = {isa = PBXBuildFile; fileRef = A5E236482B93CB060057DB36 /* CharacterDetailImageTableViewCellModel.swift */; };
		A5E2364B2B93CB130057DB36 /* CharacterDetailDetailsTableViewCell.swift in Sources */ = {isa = PBXBuildFile; fileRef = A5E2364A2B93CB130057DB36 /* CharacterDetailDetailsTableViewCell.swift */; };
		A5E2364D2B93CB250057DB36 /* CharacterDetailDetailsTableViewCellModel.swift in Sources */ = {isa = PBXBuildFile; fileRef = A5E2364C2B93CB250057DB36 /* CharacterDetailDetailsTableViewCellModel.swift */; };
/* End PBXBuildFile section */

/* Begin PBXContainerItemProxy section */
		A51379002B8F9282008E839E /* PBXContainerItemProxy */ = {
			isa = PBXContainerItemProxy;
			containerPortal = A51378B12B8F8DCE008E839E /* Project object */;
			proxyType = 1;
			remoteGlobalIDString = A51378B82B8F8DCE008E839E;
			remoteInfo = "Rick and Morty";
		};
/* End PBXContainerItemProxy section */

/* Begin PBXFileReference section */
		A51378B92B8F8DCE008E839E /* Rick and Morty.app */ = {isa = PBXFileReference; explicitFileType = wrapper.application; includeInIndex = 0; path = "Rick and Morty.app"; sourceTree = BUILT_PRODUCTS_DIR; };
		A51378BC2B8F8DCE008E839E /* AppDelegate.swift */ = {isa = PBXFileReference; lastKnownFileType = sourcecode.swift; path = AppDelegate.swift; sourceTree = "<group>"; };
		A51378BE2B8F8DCE008E839E /* SceneDelegate.swift */ = {isa = PBXFileReference; lastKnownFileType = sourcecode.swift; path = SceneDelegate.swift; sourceTree = "<group>"; };
		A51378C02B8F8DCE008E839E /* NavigationController.swift */ = {isa = PBXFileReference; lastKnownFileType = sourcecode.swift; path = NavigationController.swift; sourceTree = "<group>"; };
		A51378C62B8F8DCE008E839E /* Rick_and_Morty.xcdatamodel */ = {isa = PBXFileReference; lastKnownFileType = wrapper.xcdatamodel; path = Rick_and_Morty.xcdatamodel; sourceTree = "<group>"; };
		A51378C82B8F8DCF008E839E /* Assets.xcassets */ = {isa = PBXFileReference; lastKnownFileType = folder.assetcatalog; path = Assets.xcassets; sourceTree = "<group>"; };
		A51378CB2B8F8DCF008E839E /* Base */ = {isa = PBXFileReference; lastKnownFileType = file.storyboard; name = Base; path = Base.lproj/LaunchScreen.storyboard; sourceTree = "<group>"; };
		A51378CD2B8F8DCF008E839E /* Info.plist */ = {isa = PBXFileReference; lastKnownFileType = text.plist.xml; path = Info.plist; sourceTree = "<group>"; };
		A51378FC2B8F9282008E839E /* Rick and MortyTests.xctest */ = {isa = PBXFileReference; explicitFileType = wrapper.cfbundle; includeInIndex = 0; path = "Rick and MortyTests.xctest"; sourceTree = BUILT_PRODUCTS_DIR; };
		A51378FE2B8F9282008E839E /* Rick_and_MortyTests.swift */ = {isa = PBXFileReference; lastKnownFileType = sourcecode.swift; path = Rick_and_MortyTests.swift; sourceTree = "<group>"; };
		A51379052B8F9378008E839E /* MockAppDelegate.swift */ = {isa = PBXFileReference; lastKnownFileType = sourcecode.swift; path = MockAppDelegate.swift; sourceTree = "<group>"; };
		A51379072B8F93ED008E839E /* main.swift */ = {isa = PBXFileReference; lastKnownFileType = sourcecode.swift; path = main.swift; sourceTree = "<group>"; };
		A5E235DE2B90DF320057DB36 /* CharactersListViewController.swift */ = {isa = PBXFileReference; lastKnownFileType = sourcecode.swift; path = CharactersListViewController.swift; sourceTree = "<group>"; };
		A5E235E02B90DF3B0057DB36 /* CharactersListPresenter.swift */ = {isa = PBXFileReference; lastKnownFileType = sourcecode.swift; path = CharactersListPresenter.swift; sourceTree = "<group>"; };
		A5E235E22B90DF410057DB36 /* CharactersListConfigurator.swift */ = {isa = PBXFileReference; lastKnownFileType = sourcecode.swift; path = CharactersListConfigurator.swift; sourceTree = "<group>"; };
		A5E235E42B90DF460057DB36 /* CharactersListRouter.swift */ = {isa = PBXFileReference; lastKnownFileType = sourcecode.swift; path = CharactersListRouter.swift; sourceTree = "<group>"; };
		A5E235E92B90E7940057DB36 /* CharacterDetailsViewController.swift */ = {isa = PBXFileReference; lastKnownFileType = sourcecode.swift; path = CharacterDetailsViewController.swift; sourceTree = "<group>"; };
		A5E235EB2B90E79A0057DB36 /* CharacterDetailsPresenter.swift */ = {isa = PBXFileReference; lastKnownFileType = sourcecode.swift; path = CharacterDetailsPresenter.swift; sourceTree = "<group>"; };
		A5E235ED2B90E7A10057DB36 /* CharacterDetailsConfigurator.swift */ = {isa = PBXFileReference; lastKnownFileType = sourcecode.swift; path = CharacterDetailsConfigurator.swift; sourceTree = "<group>"; };
		A5E235EF2B90E7A60057DB36 /* CharacterDetailsRouter.swift */ = {isa = PBXFileReference; lastKnownFileType = sourcecode.swift; path = CharacterDetailsRouter.swift; sourceTree = "<group>"; };
		A5E235F32B90E9800057DB36 /* Rick and Morty.xctestplan */ = {isa = PBXFileReference; lastKnownFileType = text; name = "Rick and Morty.xctestplan"; path = "../Rick and Morty.xctestplan"; sourceTree = "<group>"; };
		A5E235F92B90EDF10057DB36 /* CharactersListEntity.swift */ = {isa = PBXFileReference; lastKnownFileType = sourcecode.swift; path = CharactersListEntity.swift; sourceTree = "<group>"; };
		A5E235FB2B90EDF90057DB36 /* EpisodeEntity.swift */ = {isa = PBXFileReference; lastKnownFileType = sourcecode.swift; path = EpisodeEntity.swift; sourceTree = "<group>"; };
		A5E235FD2B90EDFE0057DB36 /* LocationEntity.swift */ = {isa = PBXFileReference; lastKnownFileType = sourcecode.swift; path = LocationEntity.swift; sourceTree = "<group>"; };
		A5E236002B9115150057DB36 /* Request.swift */ = {isa = PBXFileReference; lastKnownFileType = sourcecode.swift; path = Request.swift; sourceTree = "<group>"; };
		A5E236022B91152A0057DB36 /* Endpoint.swift */ = {isa = PBXFileReference; lastKnownFileType = sourcecode.swift; path = Endpoint.swift; sourceTree = "<group>"; };
		A5E236042B9117BF0057DB36 /* Constants.swift */ = {isa = PBXFileReference; lastKnownFileType = sourcecode.swift; path = Constants.swift; sourceTree = "<group>"; };
		A5E236062B9221FD0057DB36 /* CharactersListGateway.swift */ = {isa = PBXFileReference; lastKnownFileType = sourcecode.swift; path = CharactersListGateway.swift; sourceTree = "<group>"; };
		A5E236082B92248C0057DB36 /* NetworkError.swift */ = {isa = PBXFileReference; lastKnownFileType = sourcecode.swift; path = NetworkError.swift; sourceTree = "<group>"; };
		A5E2360C2B9229780057DB36 /* CharacterDomainEntity.swift */ = {isa = PBXFileReference; lastKnownFileType = sourcecode.swift; path = CharacterDomainEntity.swift; sourceTree = "<group>"; };
		A5E2360E2B92298A0057DB36 /* EpisodeDomainEntity.swift */ = {isa = PBXFileReference; lastKnownFileType = sourcecode.swift; path = EpisodeDomainEntity.swift; sourceTree = "<group>"; };
		A5E236102B9229950057DB36 /* LocationDomainEntity.swift */ = {isa = PBXFileReference; lastKnownFileType = sourcecode.swift; path = LocationDomainEntity.swift; sourceTree = "<group>"; };
		A5E236162B922E6F0057DB36 /* CharactersListUseCase.swift */ = {isa = PBXFileReference; lastKnownFileType = sourcecode.swift; path = CharactersListUseCase.swift; sourceTree = "<group>"; };
		A5E2361D2B92320A0057DB36 /* UrlRequestFormattable.swift */ = {isa = PBXFileReference; lastKnownFileType = sourcecode.swift; path = UrlRequestFormattable.swift; sourceTree = "<group>"; };
		A5E236222B9260D20057DB36 /* CharactersListTableViewCell.swift */ = {isa = PBXFileReference; lastKnownFileType = sourcecode.swift; path = CharactersListTableViewCell.swift; sourceTree = "<group>"; };
		A5E236242B9260DC0057DB36 /* CharactersListTableViewCellModel.swift */ = {isa = PBXFileReference; lastKnownFileType = sourcecode.swift; path = CharactersListTableViewCellModel.swift; sourceTree = "<group>"; };
		A5E236272B937B9F0057DB36 /* ErrorMessageView.swift */ = {isa = PBXFileReference; lastKnownFileType = sourcecode.swift; path = ErrorMessageView.swift; sourceTree = "<group>"; };
		A5E236322B93933C0057DB36 /* CharacterDetailsUseCase.swift */ = {isa = PBXFileReference; lastKnownFileType = sourcecode.swift; path = CharacterDetailsUseCase.swift; sourceTree = "<group>"; };
		A5E236342B9396080057DB36 /* CharacterInfoEntity.swift */ = {isa = PBXFileReference; lastKnownFileType = sourcecode.swift; path = CharacterInfoEntity.swift; sourceTree = "<group>"; };
		A5E236362B93965F0057DB36 /* CharacterInfoGateway.swift */ = {isa = PBXFileReference; lastKnownFileType = sourcecode.swift; path = CharacterInfoGateway.swift; sourceTree = "<group>"; };
		A5E236382B939A230057DB36 /* FetchImageAccessible.swift */ = {isa = PBXFileReference; lastKnownFileType = sourcecode.swift; path = FetchImageAccessible.swift; sourceTree = "<group>"; };
		A5E2363C2B93BF750057DB36 /* Colors.swift */ = {isa = PBXFileReference; lastKnownFileType = sourcecode.swift; path = Colors.swift; sourceTree = "<group>"; };
		A5E2363F2B93C9AD0057DB36 /* CharacterDetailsEpisodeTableViewCell.swift */ = {isa = PBXFileReference; lastKnownFileType = sourcecode.swift; path = CharacterDetailsEpisodeTableViewCell.swift; sourceTree = "<group>"; };
		A5E236412B93C9BF0057DB36 /* CharacterDetailsEpisodeTableViewCellModel.swift */ = {isa = PBXFileReference; lastKnownFileType = sourcecode.swift; path = CharacterDetailsEpisodeTableViewCellModel.swift; sourceTree = "<group>"; };
		A5E236462B93CB010057DB36 /* CharacterDetailImageTableViewCell.swift */ = {isa = PBXFileReference; lastKnownFileType = sourcecode.swift; path = CharacterDetailImageTableViewCell.swift; sourceTree = "<group>"; };
		A5E236482B93CB060057DB36 /* CharacterDetailImageTableViewCellModel.swift */ = {isa = PBXFileReference; lastKnownFileType = sourcecode.swift; path = CharacterDetailImageTableViewCellModel.swift; sourceTree = "<group>"; };
		A5E2364A2B93CB130057DB36 /* CharacterDetailDetailsTableViewCell.swift */ = {isa = PBXFileReference; lastKnownFileType = sourcecode.swift; path = CharacterDetailDetailsTableViewCell.swift; sourceTree = "<group>"; };
		A5E2364C2B93CB250057DB36 /* CharacterDetailDetailsTableViewCellModel.swift */ = {isa = PBXFileReference; lastKnownFileType = sourcecode.swift; path = CharacterDetailDetailsTableViewCellModel.swift; sourceTree = "<group>"; };
/* End PBXFileReference section */

/* Begin PBXFrameworksBuildPhase section */
		A51378B62B8F8DCE008E839E /* Frameworks */ = {
			isa = PBXFrameworksBuildPhase;
			buildActionMask = 2147483647;
			files = (
			);
			runOnlyForDeploymentPostprocessing = 0;
		};
		A51378F92B8F9282008E839E /* Frameworks */ = {
			isa = PBXFrameworksBuildPhase;
			buildActionMask = 2147483647;
			files = (
			);
			runOnlyForDeploymentPostprocessing = 0;
		};
/* End PBXFrameworksBuildPhase section */

/* Begin PBXGroup section */
		A51378B02B8F8DCE008E839E = {
			isa = PBXGroup;
			children = (
				A5E235F32B90E9800057DB36 /* Rick and Morty.xctestplan */,
				A51378BB2B8F8DCE008E839E /* Rick and Morty */,
				A51378FD2B8F9282008E839E /* Rick and MortyTests */,
				A51378BA2B8F8DCE008E839E /* Products */,
			);
			sourceTree = "<group>";
		};
		A51378BA2B8F8DCE008E839E /* Products */ = {
			isa = PBXGroup;
			children = (
				A51378B92B8F8DCE008E839E /* Rick and Morty.app */,
				A51378FC2B8F9282008E839E /* Rick and MortyTests.xctest */,
			);
			name = Products;
			sourceTree = "<group>";
		};
		A51378BB2B8F8DCE008E839E /* Rick and Morty */ = {
			isa = PBXGroup;
			children = (
				A5E2363B2B93BF680057DB36 /* Colors */,
				A5E2361B2B9231F30057DB36 /* Helpers */,
				A51378F02B8F8FA3008E839E /* Initial Files */,
				A51378F12B8F8FD5008E839E /* Core */,
				A5E235DB2B90DDDD0057DB36 /* Network */,
			);
			path = "Rick and Morty";
			sourceTree = "<group>";
		};
		A51378F02B8F8FA3008E839E /* Initial Files */ = {
			isa = PBXGroup;
			children = (
				A51378BC2B8F8DCE008E839E /* AppDelegate.swift */,
				A51378BE2B8F8DCE008E839E /* SceneDelegate.swift */,
				A51378C82B8F8DCF008E839E /* Assets.xcassets */,
				A51378CA2B8F8DCF008E839E /* LaunchScreen.storyboard */,
				A51378CD2B8F8DCF008E839E /* Info.plist */,
				A51378C52B8F8DCE008E839E /* Rick_and_Morty.xcdatamodeld */,
				A51379052B8F9378008E839E /* MockAppDelegate.swift */,
				A51379072B8F93ED008E839E /* main.swift */,
			);
			path = "Initial Files";
			sourceTree = "<group>";
		};
		A51378F12B8F8FD5008E839E /* Core */ = {
			isa = PBXGroup;
			children = (
				A5E2360B2B9229590057DB36 /* DomainEntities */,
				A51378F52B8F9060008E839E /* NavigationController */,
				A51378F22B8F8FE8008E839E /* Scenes */,
				A5E2360A2B9226530057DB36 /* UseCases */,
			);
			path = Core;
			sourceTree = "<group>";
		};
		A51378F22B8F8FE8008E839E /* Scenes */ = {
			isa = PBXGroup;
			children = (
				A51378F32B8F9001008E839E /* CharactersList */,
				A51378F42B8F904B008E839E /* CharacterDetails */,
			);
			path = Scenes;
			sourceTree = "<group>";
		};
		A51378F32B8F9001008E839E /* CharactersList */ = {
			isa = PBXGroup;
			children = (
				A5E236202B9260A50057DB36 /* Core */,
				A5E236212B9260BC0057DB36 /* Cells */,
			);
			path = CharactersList;
			sourceTree = "<group>";
		};
		A51378F42B8F904B008E839E /* CharacterDetails */ = {
			isa = PBXGroup;
			children = (
				A5E235E92B90E7940057DB36 /* CharacterDetailsViewController.swift */,
				A5E235EB2B90E79A0057DB36 /* CharacterDetailsPresenter.swift */,
				A5E235ED2B90E7A10057DB36 /* CharacterDetailsConfigurator.swift */,
				A5E235EF2B90E7A60057DB36 /* CharacterDetailsRouter.swift */,
				A5E2363E2B93C98E0057DB36 /* Cells */,
			);
			path = CharacterDetails;
			sourceTree = "<group>";
		};
		A51378F52B8F9060008E839E /* NavigationController */ = {
			isa = PBXGroup;
			children = (
				A51378C02B8F8DCE008E839E /* NavigationController.swift */,
			);
			path = NavigationController;
			sourceTree = "<group>";
		};
		A51378FD2B8F9282008E839E /* Rick and MortyTests */ = {
			isa = PBXGroup;
			children = (
				A51378FE2B8F9282008E839E /* Rick_and_MortyTests.swift */,
			);
			path = "Rick and MortyTests";
			sourceTree = "<group>";
		};
		A5E235DB2B90DDDD0057DB36 /* Network */ = {
			isa = PBXGroup;
			children = (
				A5E235FF2B91150E0057DB36 /* Core */,
				A5E235F82B90EDD10057DB36 /* Gateways */,
				A5E235F72B90EDC80057DB36 /* Entities */,
			);
			path = Network;
			sourceTree = "<group>";
		};
		A5E235F72B90EDC80057DB36 /* Entities */ = {
			isa = PBXGroup;
			children = (
				A5E235F92B90EDF10057DB36 /* CharactersListEntity.swift */,
				A5E235FB2B90EDF90057DB36 /* EpisodeEntity.swift */,
				A5E235FD2B90EDFE0057DB36 /* LocationEntity.swift */,
				A5E236342B9396080057DB36 /* CharacterInfoEntity.swift */,
			);
			path = Entities;
			sourceTree = "<group>";
		};
		A5E235F82B90EDD10057DB36 /* Gateways */ = {
			isa = PBXGroup;
			children = (
				A5E236062B9221FD0057DB36 /* CharactersListGateway.swift */,
				A5E236362B93965F0057DB36 /* CharacterInfoGateway.swift */,
			);
			path = Gateways;
			sourceTree = "<group>";
		};
		A5E235FF2B91150E0057DB36 /* Core */ = {
			isa = PBXGroup;
			children = (
				A5E236002B9115150057DB36 /* Request.swift */,
				A5E236022B91152A0057DB36 /* Endpoint.swift */,
				A5E236042B9117BF0057DB36 /* Constants.swift */,
				A5E236082B92248C0057DB36 /* NetworkError.swift */,
			);
			path = Core;
			sourceTree = "<group>";
		};
		A5E2360A2B9226530057DB36 /* UseCases */ = {
			isa = PBXGroup;
			children = (
				A5E236162B922E6F0057DB36 /* CharactersListUseCase.swift */,
				A5E236322B93933C0057DB36 /* CharacterDetailsUseCase.swift */,
			);
			path = UseCases;
			sourceTree = "<group>";
		};
		A5E2360B2B9229590057DB36 /* DomainEntities */ = {
			isa = PBXGroup;
			children = (
				A5E2360C2B9229780057DB36 /* CharacterDomainEntity.swift */,
				A5E2360E2B92298A0057DB36 /* EpisodeDomainEntity.swift */,
				A5E236102B9229950057DB36 /* LocationDomainEntity.swift */,
			);
			path = DomainEntities;
			sourceTree = "<group>";
		};
		A5E2361B2B9231F30057DB36 /* Helpers */ = {
			isa = PBXGroup;
			children = (
				A5E236262B937B960057DB36 /* Views */,
				A5E2361C2B9231F80057DB36 /* Protocols */,
			);
			path = Helpers;
			sourceTree = "<group>";
		};
		A5E2361C2B9231F80057DB36 /* Protocols */ = {
			isa = PBXGroup;
			children = (
				A5E2361D2B92320A0057DB36 /* UrlRequestFormattable.swift */,
				A5E236382B939A230057DB36 /* FetchImageAccessible.swift */,
			);
			path = Protocols;
			sourceTree = "<group>";
		};
		A5E236202B9260A50057DB36 /* Core */ = {
			isa = PBXGroup;
			children = (
				A5E235DE2B90DF320057DB36 /* CharactersListViewController.swift */,
				A5E235E02B90DF3B0057DB36 /* CharactersListPresenter.swift */,
				A5E235E22B90DF410057DB36 /* CharactersListConfigurator.swift */,
				A5E235E42B90DF460057DB36 /* CharactersListRouter.swift */,
			);
			path = Core;
			sourceTree = "<group>";
		};
		A5E236212B9260BC0057DB36 /* Cells */ = {
			isa = PBXGroup;
			children = (
				A5E236222B9260D20057DB36 /* CharactersListTableViewCell.swift */,
				A5E236242B9260DC0057DB36 /* CharactersListTableViewCellModel.swift */,
			);
			path = Cells;
			sourceTree = "<group>";
		};
		A5E236262B937B960057DB36 /* Views */ = {
			isa = PBXGroup;
			children = (
				A5E236272B937B9F0057DB36 /* ErrorMessageView.swift */,
			);
			path = Views;
			sourceTree = "<group>";
		};
		A5E2363B2B93BF680057DB36 /* Colors */ = {
			isa = PBXGroup;
			children = (
				A5E2363C2B93BF750057DB36 /* Colors.swift */,
			);
			path = Colors;
			sourceTree = "<group>";
		};
		A5E2363E2B93C98E0057DB36 /* Cells */ = {
			isa = PBXGroup;
			children = (
				A5E236452B93CAD20057DB36 /* EpisodeCell */,
				A5E236432B93CA600057DB36 /* ImageCell */,
				A5E236442B93CA740057DB36 /* DetailsCell */,
			);
			path = Cells;
			sourceTree = "<group>";
		};
		A5E236432B93CA600057DB36 /* ImageCell */ = {
			isa = PBXGroup;
			children = (
				A5E236462B93CB010057DB36 /* CharacterDetailImageTableViewCell.swift */,
				A5E236482B93CB060057DB36 /* CharacterDetailImageTableViewCellModel.swift */,
			);
			path = ImageCell;
			sourceTree = "<group>";
		};
		A5E236442B93CA740057DB36 /* DetailsCell */ = {
			isa = PBXGroup;
			children = (
				A5E2364A2B93CB130057DB36 /* CharacterDetailDetailsTableViewCell.swift */,
				A5E2364C2B93CB250057DB36 /* CharacterDetailDetailsTableViewCellModel.swift */,
			);
			path = DetailsCell;
			sourceTree = "<group>";
		};
		A5E236452B93CAD20057DB36 /* EpisodeCell */ = {
			isa = PBXGroup;
			children = (
				A5E2363F2B93C9AD0057DB36 /* CharacterDetailsEpisodeTableViewCell.swift */,
				A5E236412B93C9BF0057DB36 /* CharacterDetailsEpisodeTableViewCellModel.swift */,
			);
			path = EpisodeCell;
			sourceTree = "<group>";
		};
/* End PBXGroup section */

/* Begin PBXNativeTarget section */
		A51378B82B8F8DCE008E839E /* Rick and Morty */ = {
			isa = PBXNativeTarget;
			buildConfigurationList = A51378E62B8F8DCF008E839E /* Build configuration list for PBXNativeTarget "Rick and Morty" */;
			buildPhases = (
				A51378B52B8F8DCE008E839E /* Sources */,
				A51378B62B8F8DCE008E839E /* Frameworks */,
				A51378B72B8F8DCE008E839E /* Resources */,
			);
			buildRules = (
			);
			dependencies = (
			);
			name = "Rick and Morty";
			productName = "Rick and Morty";
			productReference = A51378B92B8F8DCE008E839E /* Rick and Morty.app */;
			productType = "com.apple.product-type.application";
		};
		A51378FB2B8F9282008E839E /* Rick and MortyTests */ = {
			isa = PBXNativeTarget;
			buildConfigurationList = A51379022B8F9282008E839E /* Build configuration list for PBXNativeTarget "Rick and MortyTests" */;
			buildPhases = (
				A51378F82B8F9282008E839E /* Sources */,
				A51378F92B8F9282008E839E /* Frameworks */,
				A51378FA2B8F9282008E839E /* Resources */,
			);
			buildRules = (
			);
			dependencies = (
				A51379012B8F9282008E839E /* PBXTargetDependency */,
			);
			name = "Rick and MortyTests";
			productName = "Rick and MortyTests";
			productReference = A51378FC2B8F9282008E839E /* Rick and MortyTests.xctest */;
			productType = "com.apple.product-type.bundle.unit-test";
		};
/* End PBXNativeTarget section */

/* Begin PBXProject section */
		A51378B12B8F8DCE008E839E /* Project object */ = {
			isa = PBXProject;
			attributes = {
				BuildIndependentTargetsInParallel = 1;
				LastSwiftUpdateCheck = 1520;
				LastUpgradeCheck = 1520;
				TargetAttributes = {
					A51378B82B8F8DCE008E839E = {
						CreatedOnToolsVersion = 15.2;
					};
					A51378FB2B8F9282008E839E = {
						CreatedOnToolsVersion = 15.2;
						TestTargetID = A51378B82B8F8DCE008E839E;
					};
				};
			};
			buildConfigurationList = A51378B42B8F8DCE008E839E /* Build configuration list for PBXProject "Rick and Morty" */;
			compatibilityVersion = "Xcode 14.0";
			developmentRegion = en;
			hasScannedForEncodings = 0;
			knownRegions = (
				en,
				Base,
			);
			mainGroup = A51378B02B8F8DCE008E839E;
			productRefGroup = A51378BA2B8F8DCE008E839E /* Products */;
			projectDirPath = "";
			projectRoot = "";
			targets = (
				A51378B82B8F8DCE008E839E /* Rick and Morty */,
				A51378FB2B8F9282008E839E /* Rick and MortyTests */,
			);
		};
/* End PBXProject section */

/* Begin PBXResourcesBuildPhase section */
		A51378B72B8F8DCE008E839E /* Resources */ = {
			isa = PBXResourcesBuildPhase;
			buildActionMask = 2147483647;
			files = (
				A51378CC2B8F8DCF008E839E /* LaunchScreen.storyboard in Resources */,
				A51378C92B8F8DCF008E839E /* Assets.xcassets in Resources */,
			);
			runOnlyForDeploymentPostprocessing = 0;
		};
		A51378FA2B8F9282008E839E /* Resources */ = {
			isa = PBXResourcesBuildPhase;
			buildActionMask = 2147483647;
			files = (
			);
			runOnlyForDeploymentPostprocessing = 0;
		};
/* End PBXResourcesBuildPhase section */

/* Begin PBXSourcesBuildPhase section */
		A51378B52B8F8DCE008E839E /* Sources */ = {
			isa = PBXSourcesBuildPhase;
			buildActionMask = 2147483647;
			files = (
				A5E2360D2B9229780057DB36 /* CharacterDomainEntity.swift in Sources */,
				A5E236332B93933C0057DB36 /* CharacterDetailsUseCase.swift in Sources */,
				A5E236252B9260DC0057DB36 /* CharactersListTableViewCellModel.swift in Sources */,
				A5E236052B9117BF0057DB36 /* Constants.swift in Sources */,
				A5E235EE2B90E7A10057DB36 /* CharacterDetailsConfigurator.swift in Sources */,
				A5E2364B2B93CB130057DB36 /* CharacterDetailDetailsTableViewCell.swift in Sources */,
				A51379082B8F93ED008E839E /* main.swift in Sources */,
				A51378C72B8F8DCE008E839E /* Rick_and_Morty.xcdatamodeld in Sources */,
				A5E235FC2B90EDF90057DB36 /* EpisodeEntity.swift in Sources */,
				A5E236402B93C9AD0057DB36 /* CharacterDetailsEpisodeTableViewCell.swift in Sources */,
				A5E2364D2B93CB250057DB36 /* CharacterDetailDetailsTableViewCellModel.swift in Sources */,
				A5E235E32B90DF410057DB36 /* CharactersListConfigurator.swift in Sources */,
				A51378C12B8F8DCE008E839E /* NavigationController.swift in Sources */,
				A5E236032B91152A0057DB36 /* Endpoint.swift in Sources */,
				A5E236092B92248C0057DB36 /* NetworkError.swift in Sources */,
				A5E2361E2B92320A0057DB36 /* UrlRequestFormattable.swift in Sources */,
				A5E235EA2B90E7940057DB36 /* CharacterDetailsViewController.swift in Sources */,
				A5E2360F2B92298A0057DB36 /* EpisodeDomainEntity.swift in Sources */,
				A5E236172B922E6F0057DB36 /* CharactersListUseCase.swift in Sources */,
				A51379062B8F9378008E839E /* MockAppDelegate.swift in Sources */,
				A5E236112B9229950057DB36 /* LocationDomainEntity.swift in Sources */,
				A5E235E12B90DF3B0057DB36 /* CharactersListPresenter.swift in Sources */,
				A5E236392B939A230057DB36 /* FetchImageAccessible.swift in Sources */,
				A5E236352B9396080057DB36 /* CharacterInfoEntity.swift in Sources */,
				A5E236372B93965F0057DB36 /* CharacterInfoGateway.swift in Sources */,
				A5E236232B9260D20057DB36 /* CharactersListTableViewCell.swift in Sources */,
				A5E236472B93CB010057DB36 /* CharacterDetailImageTableViewCell.swift in Sources */,
				A5E235E52B90DF460057DB36 /* CharactersListRouter.swift in Sources */,
				A5E235EC2B90E79A0057DB36 /* CharacterDetailsPresenter.swift in Sources */,
				A5E235F02B90E7A60057DB36 /* CharacterDetailsRouter.swift in Sources */,
				A5E235DF2B90DF320057DB36 /* CharactersListViewController.swift in Sources */,
				A5E236072B9221FD0057DB36 /* CharactersListGateway.swift in Sources */,
				A5E235FA2B90EDF10057DB36 /* CharactersListEntity.swift in Sources */,
				A5E236282B937B9F0057DB36 /* ErrorMessageView.swift in Sources */,
				A5E236422B93C9BF0057DB36 /* CharacterDetailsEpisodeTableViewCellModel.swift in Sources */,
				A51378BD2B8F8DCE008E839E /* AppDelegate.swift in Sources */,
				A5E236012B9115150057DB36 /* Request.swift in Sources */,
				A5E235FE2B90EDFE0057DB36 /* LocationEntity.swift in Sources */,
				A5E2363D2B93BF750057DB36 /* Colors.swift in Sources */,
				A5E236492B93CB060057DB36 /* CharacterDetailImageTableViewCellModel.swift in Sources */,
				A51378BF2B8F8DCE008E839E /* SceneDelegate.swift in Sources */,
			);
			runOnlyForDeploymentPostprocessing = 0;
		};
		A51378F82B8F9282008E839E /* Sources */ = {
			isa = PBXSourcesBuildPhase;
			buildActionMask = 2147483647;
			files = (
				A51378FF2B8F9282008E839E /* Rick_and_MortyTests.swift in Sources */,
			);
			runOnlyForDeploymentPostprocessing = 0;
		};
/* End PBXSourcesBuildPhase section */

/* Begin PBXTargetDependency section */
		A51379012B8F9282008E839E /* PBXTargetDependency */ = {
			isa = PBXTargetDependency;
			target = A51378B82B8F8DCE008E839E /* Rick and Morty */;
			targetProxy = A51379002B8F9282008E839E /* PBXContainerItemProxy */;
		};
/* End PBXTargetDependency section */

/* Begin PBXVariantGroup section */
		A51378CA2B8F8DCF008E839E /* LaunchScreen.storyboard */ = {
			isa = PBXVariantGroup;
			children = (
				A51378CB2B8F8DCF008E839E /* Base */,
			);
			name = LaunchScreen.storyboard;
			sourceTree = "<group>";
		};
/* End PBXVariantGroup section */

/* Begin XCBuildConfiguration section */
		A51378E42B8F8DCF008E839E /* Debug */ = {
			isa = XCBuildConfiguration;
			buildSettings = {
				ALWAYS_SEARCH_USER_PATHS = NO;
				ASSETCATALOG_COMPILER_GENERATE_SWIFT_ASSET_SYMBOL_EXTENSIONS = YES;
				CLANG_ANALYZER_NONNULL = YES;
				CLANG_ANALYZER_NUMBER_OBJECT_CONVERSION = YES_AGGRESSIVE;
				CLANG_CXX_LANGUAGE_STANDARD = "gnu++20";
				CLANG_ENABLE_MODULES = YES;
				CLANG_ENABLE_OBJC_ARC = YES;
				CLANG_ENABLE_OBJC_WEAK = YES;
				CLANG_WARN_BLOCK_CAPTURE_AUTORELEASING = YES;
				CLANG_WARN_BOOL_CONVERSION = YES;
				CLANG_WARN_COMMA = YES;
				CLANG_WARN_CONSTANT_CONVERSION = YES;
				CLANG_WARN_DEPRECATED_OBJC_IMPLEMENTATIONS = YES;
				CLANG_WARN_DIRECT_OBJC_ISA_USAGE = YES_ERROR;
				CLANG_WARN_DOCUMENTATION_COMMENTS = YES;
				CLANG_WARN_EMPTY_BODY = YES;
				CLANG_WARN_ENUM_CONVERSION = YES;
				CLANG_WARN_INFINITE_RECURSION = YES;
				CLANG_WARN_INT_CONVERSION = YES;
				CLANG_WARN_NON_LITERAL_NULL_CONVERSION = YES;
				CLANG_WARN_OBJC_IMPLICIT_RETAIN_SELF = YES;
				CLANG_WARN_OBJC_LITERAL_CONVERSION = YES;
				CLANG_WARN_OBJC_ROOT_CLASS = YES_ERROR;
				CLANG_WARN_QUOTED_INCLUDE_IN_FRAMEWORK_HEADER = YES;
				CLANG_WARN_RANGE_LOOP_ANALYSIS = YES;
				CLANG_WARN_STRICT_PROTOTYPES = YES;
				CLANG_WARN_SUSPICIOUS_MOVE = YES;
				CLANG_WARN_UNGUARDED_AVAILABILITY = YES_AGGRESSIVE;
				CLANG_WARN_UNREACHABLE_CODE = YES;
				CLANG_WARN__DUPLICATE_METHOD_MATCH = YES;
				COPY_PHASE_STRIP = NO;
				DEBUG_INFORMATION_FORMAT = dwarf;
				ENABLE_STRICT_OBJC_MSGSEND = YES;
				ENABLE_TESTABILITY = YES;
				ENABLE_USER_SCRIPT_SANDBOXING = YES;
				GCC_C_LANGUAGE_STANDARD = gnu17;
				GCC_DYNAMIC_NO_PIC = NO;
				GCC_NO_COMMON_BLOCKS = YES;
				GCC_OPTIMIZATION_LEVEL = 0;
				GCC_PREPROCESSOR_DEFINITIONS = (
					"DEBUG=1",
					"$(inherited)",
				);
				GCC_WARN_64_TO_32_BIT_CONVERSION = YES;
				GCC_WARN_ABOUT_RETURN_TYPE = YES_ERROR;
				GCC_WARN_UNDECLARED_SELECTOR = YES;
				GCC_WARN_UNINITIALIZED_AUTOS = YES_AGGRESSIVE;
				GCC_WARN_UNUSED_FUNCTION = YES;
				GCC_WARN_UNUSED_VARIABLE = YES;
				IPHONEOS_DEPLOYMENT_TARGET = 17.2;
				LOCALIZATION_PREFERS_STRING_CATALOGS = YES;
				MTL_ENABLE_DEBUG_INFO = INCLUDE_SOURCE;
				MTL_FAST_MATH = YES;
				ONLY_ACTIVE_ARCH = YES;
				SDKROOT = iphoneos;
				SWIFT_ACTIVE_COMPILATION_CONDITIONS = "DEBUG $(inherited)";
				SWIFT_OPTIMIZATION_LEVEL = "-Onone";
			};
			name = Debug;
		};
		A51378E52B8F8DCF008E839E /* Release */ = {
			isa = XCBuildConfiguration;
			buildSettings = {
				ALWAYS_SEARCH_USER_PATHS = NO;
				ASSETCATALOG_COMPILER_GENERATE_SWIFT_ASSET_SYMBOL_EXTENSIONS = YES;
				CLANG_ANALYZER_NONNULL = YES;
				CLANG_ANALYZER_NUMBER_OBJECT_CONVERSION = YES_AGGRESSIVE;
				CLANG_CXX_LANGUAGE_STANDARD = "gnu++20";
				CLANG_ENABLE_MODULES = YES;
				CLANG_ENABLE_OBJC_ARC = YES;
				CLANG_ENABLE_OBJC_WEAK = YES;
				CLANG_WARN_BLOCK_CAPTURE_AUTORELEASING = YES;
				CLANG_WARN_BOOL_CONVERSION = YES;
				CLANG_WARN_COMMA = YES;
				CLANG_WARN_CONSTANT_CONVERSION = YES;
				CLANG_WARN_DEPRECATED_OBJC_IMPLEMENTATIONS = YES;
				CLANG_WARN_DIRECT_OBJC_ISA_USAGE = YES_ERROR;
				CLANG_WARN_DOCUMENTATION_COMMENTS = YES;
				CLANG_WARN_EMPTY_BODY = YES;
				CLANG_WARN_ENUM_CONVERSION = YES;
				CLANG_WARN_INFINITE_RECURSION = YES;
				CLANG_WARN_INT_CONVERSION = YES;
				CLANG_WARN_NON_LITERAL_NULL_CONVERSION = YES;
				CLANG_WARN_OBJC_IMPLICIT_RETAIN_SELF = YES;
				CLANG_WARN_OBJC_LITERAL_CONVERSION = YES;
				CLANG_WARN_OBJC_ROOT_CLASS = YES_ERROR;
				CLANG_WARN_QUOTED_INCLUDE_IN_FRAMEWORK_HEADER = YES;
				CLANG_WARN_RANGE_LOOP_ANALYSIS = YES;
				CLANG_WARN_STRICT_PROTOTYPES = YES;
				CLANG_WARN_SUSPICIOUS_MOVE = YES;
				CLANG_WARN_UNGUARDED_AVAILABILITY = YES_AGGRESSIVE;
				CLANG_WARN_UNREACHABLE_CODE = YES;
				CLANG_WARN__DUPLICATE_METHOD_MATCH = YES;
				COPY_PHASE_STRIP = NO;
				DEBUG_INFORMATION_FORMAT = "dwarf-with-dsym";
				ENABLE_NS_ASSERTIONS = NO;
				ENABLE_STRICT_OBJC_MSGSEND = YES;
				ENABLE_USER_SCRIPT_SANDBOXING = YES;
				GCC_C_LANGUAGE_STANDARD = gnu17;
				GCC_NO_COMMON_BLOCKS = YES;
				GCC_WARN_64_TO_32_BIT_CONVERSION = YES;
				GCC_WARN_ABOUT_RETURN_TYPE = YES_ERROR;
				GCC_WARN_UNDECLARED_SELECTOR = YES;
				GCC_WARN_UNINITIALIZED_AUTOS = YES_AGGRESSIVE;
				GCC_WARN_UNUSED_FUNCTION = YES;
				GCC_WARN_UNUSED_VARIABLE = YES;
				IPHONEOS_DEPLOYMENT_TARGET = 17.2;
				LOCALIZATION_PREFERS_STRING_CATALOGS = YES;
				MTL_ENABLE_DEBUG_INFO = NO;
				MTL_FAST_MATH = YES;
				SDKROOT = iphoneos;
				SWIFT_COMPILATION_MODE = wholemodule;
				VALIDATE_PRODUCT = YES;
			};
			name = Release;
		};
		A51378E72B8F8DCF008E839E /* Debug */ = {
			isa = XCBuildConfiguration;
			buildSettings = {
				ASSETCATALOG_COMPILER_APPICON_NAME = AppIcon;
				ASSETCATALOG_COMPILER_GLOBAL_ACCENT_COLOR_NAME = AccentColor;
				CODE_SIGN_STYLE = Automatic;
				CURRENT_PROJECT_VERSION = 1;
				GENERATE_INFOPLIST_FILE = YES;
				INFOPLIST_FILE = "Rick and Morty/Info.plist";
				INFOPLIST_KEY_UIApplicationSupportsIndirectInputEvents = YES;
				INFOPLIST_KEY_UILaunchStoryboardName = LaunchScreen;
				INFOPLIST_KEY_UISupportedInterfaceOrientations_iPad = "UIInterfaceOrientationPortrait UIInterfaceOrientationPortraitUpsideDown UIInterfaceOrientationLandscapeLeft UIInterfaceOrientationLandscapeRight";
				INFOPLIST_KEY_UISupportedInterfaceOrientations_iPhone = "UIInterfaceOrientationPortrait UIInterfaceOrientationLandscapeLeft UIInterfaceOrientationLandscapeRight";
				LD_RUNPATH_SEARCH_PATHS = (
					"$(inherited)",
					"@executable_path/Frameworks",
				);
				MARKETING_VERSION = 1.0;
				PRODUCT_BUNDLE_IDENTIFIER = "bachiero.Rick-and-Morty";
				PRODUCT_NAME = "$(TARGET_NAME)";
				SWIFT_EMIT_LOC_STRINGS = YES;
				SWIFT_VERSION = 5.0;
				TARGETED_DEVICE_FAMILY = "1,2";
			};
			name = Debug;
		};
		A51378E82B8F8DCF008E839E /* Release */ = {
			isa = XCBuildConfiguration;
			buildSettings = {
				ASSETCATALOG_COMPILER_APPICON_NAME = AppIcon;
				ASSETCATALOG_COMPILER_GLOBAL_ACCENT_COLOR_NAME = AccentColor;
				CODE_SIGN_STYLE = Automatic;
				CURRENT_PROJECT_VERSION = 1;
				GENERATE_INFOPLIST_FILE = YES;
				INFOPLIST_FILE = "Rick and Morty/Info.plist";
				INFOPLIST_KEY_UIApplicationSupportsIndirectInputEvents = YES;
				INFOPLIST_KEY_UILaunchStoryboardName = LaunchScreen;
				INFOPLIST_KEY_UISupportedInterfaceOrientations_iPad = "UIInterfaceOrientationPortrait UIInterfaceOrientationPortraitUpsideDown UIInterfaceOrientationLandscapeLeft UIInterfaceOrientationLandscapeRight";
				INFOPLIST_KEY_UISupportedInterfaceOrientations_iPhone = "UIInterfaceOrientationPortrait UIInterfaceOrientationLandscapeLeft UIInterfaceOrientationLandscapeRight";
				LD_RUNPATH_SEARCH_PATHS = (
					"$(inherited)",
					"@executable_path/Frameworks",
				);
				MARKETING_VERSION = 1.0;
				PRODUCT_BUNDLE_IDENTIFIER = "bachiero.Rick-and-Morty";
				PRODUCT_NAME = "$(TARGET_NAME)";
				SWIFT_EMIT_LOC_STRINGS = YES;
				SWIFT_VERSION = 5.0;
				TARGETED_DEVICE_FAMILY = "1,2";
			};
			name = Release;
		};
		A51379032B8F9282008E839E /* Debug */ = {
			isa = XCBuildConfiguration;
			buildSettings = {
				BUNDLE_LOADER = "$(TEST_HOST)";
				CODE_SIGN_STYLE = Automatic;
				CURRENT_PROJECT_VERSION = 1;
				GENERATE_INFOPLIST_FILE = YES;
				MARKETING_VERSION = 1.0;
				PRODUCT_BUNDLE_IDENTIFIER = "bachiero.Rick-and-MortyTests";
				PRODUCT_NAME = "$(TARGET_NAME)";
				SWIFT_EMIT_LOC_STRINGS = NO;
				SWIFT_VERSION = 5.0;
				TARGETED_DEVICE_FAMILY = "1,2";
				TEST_HOST = "$(BUILT_PRODUCTS_DIR)/Rick and Morty.app/$(BUNDLE_EXECUTABLE_FOLDER_PATH)/Rick and Morty";
			};
			name = Debug;
		};
		A51379042B8F9282008E839E /* Release */ = {
			isa = XCBuildConfiguration;
			buildSettings = {
				BUNDLE_LOADER = "$(TEST_HOST)";
				CODE_SIGN_STYLE = Automatic;
				CURRENT_PROJECT_VERSION = 1;
				GENERATE_INFOPLIST_FILE = YES;
				MARKETING_VERSION = 1.0;
				PRODUCT_BUNDLE_IDENTIFIER = "bachiero.Rick-and-MortyTests";
				PRODUCT_NAME = "$(TARGET_NAME)";
				SWIFT_EMIT_LOC_STRINGS = NO;
				SWIFT_VERSION = 5.0;
				TARGETED_DEVICE_FAMILY = "1,2";
				TEST_HOST = "$(BUILT_PRODUCTS_DIR)/Rick and Morty.app/$(BUNDLE_EXECUTABLE_FOLDER_PATH)/Rick and Morty";
			};
			name = Release;
		};
/* End XCBuildConfiguration section */

/* Begin XCConfigurationList section */
		A51378B42B8F8DCE008E839E /* Build configuration list for PBXProject "Rick and Morty" */ = {
			isa = XCConfigurationList;
			buildConfigurations = (
				A51378E42B8F8DCF008E839E /* Debug */,
				A51378E52B8F8DCF008E839E /* Release */,
			);
			defaultConfigurationIsVisible = 0;
			defaultConfigurationName = Release;
		};
		A51378E62B8F8DCF008E839E /* Build configuration list for PBXNativeTarget "Rick and Morty" */ = {
			isa = XCConfigurationList;
			buildConfigurations = (
				A51378E72B8F8DCF008E839E /* Debug */,
				A51378E82B8F8DCF008E839E /* Release */,
			);
			defaultConfigurationIsVisible = 0;
			defaultConfigurationName = Release;
		};
		A51379022B8F9282008E839E /* Build configuration list for PBXNativeTarget "Rick and MortyTests" */ = {
			isa = XCConfigurationList;
			buildConfigurations = (
				A51379032B8F9282008E839E /* Debug */,
				A51379042B8F9282008E839E /* Release */,
			);
			defaultConfigurationIsVisible = 0;
			defaultConfigurationName = Release;
		};
/* End XCConfigurationList section */

/* Begin XCVersionGroup section */
		A51378C52B8F8DCE008E839E /* Rick_and_Morty.xcdatamodeld */ = {
			isa = XCVersionGroup;
			children = (
				A51378C62B8F8DCE008E839E /* Rick_and_Morty.xcdatamodel */,
			);
			currentVersion = A51378C62B8F8DCE008E839E /* Rick_and_Morty.xcdatamodel */;
			path = Rick_and_Morty.xcdatamodeld;
			sourceTree = "<group>";
			versionGroupType = wrapper.xcdatamodel;
		};
/* End XCVersionGroup section */
	};
	rootObject = A51378B12B8F8DCE008E839E /* Project object */;
}
